// !$*UTF8*$!
{
	archiveVersion = 1;
	classes = {
	};
	objectVersion = 60;
	objects = {

/* Begin PBXBuildFile section */
		1344F48D2C5A92CE00D8C850 /* AquaSKKEngine.framework in Frameworks */ = {isa = PBXBuildFile; fileRef = 13D7560B2C5A9043006144F2 /* AquaSKKEngine.framework */; };
		1344F4952C5A92D300D8C850 /* AquaSKKEngineTests.swift in Sources */ = {isa = PBXBuildFile; fileRef = 1344F4932C5A92D300D8C850 /* AquaSKKEngineTests.swift */; };
		1344F55E2C5B28FC00D8C850 /* SKKProxyDictionary.h in Headers */ = {isa = PBXBuildFile; fileRef = 1344F4C82C5B28FC00D8C850 /* SKKProxyDictionary.h */; };
		1344F55F2C5B28FC00D8C850 /* SKKClipboard.h in Headers */ = {isa = PBXBuildFile; fileRef = 1344F49E2C5B28FC00D8C850 /* SKKClipboard.h */; };
		1344F5642C5B28FC00D8C850 /* SKKRegisterEditor.h in Headers */ = {isa = PBXBuildFile; fileRef = 1344F4DB2C5B28FC00D8C850 /* SKKRegisterEditor.h */; };
		1344F5652C5B28FC00D8C850 /* SKKComposingEditor.h in Headers */ = {isa = PBXBuildFile; fileRef = 1344F4CF2C5B28FC00D8C850 /* SKKComposingEditor.h */; };
		1344F5672C5B28FC00D8C850 /* jconv_ucs2eucj-inl.h in Headers */ = {isa = PBXBuildFile; fileRef = 1344F5562C5B28FC00D8C850 /* jconv_ucs2eucj-inl.h */; };
		1344F5682C5B28FC00D8C850 /* SKKStateMachine.h in Headers */ = {isa = PBXBuildFile; fileRef = 1344F50F2C5B28FC00D8C850 /* SKKStateMachine.h */; };
		1344F5692C5B28FC00D8C850 /* SKKPrimaryEditor.h in Headers */ = {isa = PBXBuildFile; fileRef = 1344F4D92C5B28FC00D8C850 /* SKKPrimaryEditor.h */; };
		1344F56A2C5B28FC00D8C850 /* SKKConfig.h in Headers */ = {isa = PBXBuildFile; fileRef = 1344F49F2C5B28FC00D8C850 /* SKKConfig.h */; };
		1344F56B2C5B28FC00D8C850 /* SKKUserDictionary.h in Headers */ = {isa = PBXBuildFile; fileRef = 1344F4CA2C5B28FC00D8C850 /* SKKUserDictionary.h */; };
		1344F56C2C5B28FC00D8C850 /* SKKDictionaryTemplate.h in Headers */ = {isa = PBXBuildFile; fileRef = 1344F4BE2C5B28FC00D8C850 /* SKKDictionaryTemplate.h */; };
		1344F56D2C5B28FC00D8C850 /* SKKTrie.h in Headers */ = {isa = PBXBuildFile; fileRef = 1344F54E2C5B28FC00D8C850 /* SKKTrie.h */; };
		1344F56E2C5B28FC00D8C850 /* SKKInputQueue.h in Headers */ = {isa = PBXBuildFile; fileRef = 1344F4D52C5B28FC00D8C850 /* SKKInputQueue.h */; };
		1344F56F2C5B28FC00D8C850 /* SKKOutputBuffer.h in Headers */ = {isa = PBXBuildFile; fileRef = 1344F4FE2C5B28FC00D8C850 /* SKKOutputBuffer.h */; };
		1344F5702C5B28FC00D8C850 /* subrange.h in Headers */ = {isa = PBXBuildFile; fileRef = 1344F55A2C5B28FC00D8C850 /* subrange.h */; };
		1344F5712C5B28FC00D8C850 /* SKKTextBuffer.h in Headers */ = {isa = PBXBuildFile; fileRef = 1344F4DD2C5B28FC00D8C850 /* SKKTextBuffer.h */; };
		1344F5722C5B28FC00D8C850 /* SKKRomanKanaConverter.h in Headers */ = {isa = PBXBuildFile; fileRef = 1344F54C2C5B28FC00D8C850 /* SKKRomanKanaConverter.h */; };
		1344F5732C5B28FC00D8C850 /* SKKRegistration.h in Headers */ = {isa = PBXBuildFile; fileRef = 1344F5022C5B28FC00D8C850 /* SKKRegistration.h */; };
		1344F5752C5B28FC00D8C850 /* SKKFrontEnd.h in Headers */ = {isa = PBXBuildFile; fileRef = 1344F4A12C5B28FC00D8C850 /* SKKFrontEnd.h */; };
		1344F5762C5B28FC00D8C850 /* SKKAnnotator.h in Headers */ = {isa = PBXBuildFile; fileRef = 1344F49C2C5B28FC00D8C850 /* SKKAnnotator.h */; };
		1344F5772C5B28FC00D8C850 /* SKKWindowSelector.h in Headers */ = {isa = PBXBuildFile; fileRef = 1344F4F32C5B28FC00D8C850 /* SKKWindowSelector.h */; };
		1344F5782C5B28FC00D8C850 /* SKKOkuriHint.h in Headers */ = {isa = PBXBuildFile; fileRef = 1344F4E62C5B28FC00D8C850 /* SKKOkuriHint.h */; };
		1344F5792C5B28FC00D8C850 /* calculator.h in Headers */ = {isa = PBXBuildFile; fileRef = 1344F5512C5B28FC00D8C850 /* calculator.h */; };
		1344F57A2C5B28FC00D8C850 /* SKKLocalUserDictionary.h in Headers */ = {isa = PBXBuildFile; fileRef = 1344F4C62C5B28FC00D8C850 /* SKKLocalUserDictionary.h */; };
		1344F57B2C5B28FC00D8C850 /* SKKCandidateSuite.h in Headers */ = {isa = PBXBuildFile; fileRef = 1344F4E32C5B28FC00D8C850 /* SKKCandidateSuite.h */; };
		1344F57C2C5B28FC00D8C850 /* SKKDictionaryKeeper.h in Headers */ = {isa = PBXBuildFile; fileRef = 1344F4BB2C5B28FC00D8C850 /* SKKDictionaryKeeper.h */; };
		1344F57D2C5B28FC00D8C850 /* SKKBaseDictionary.h in Headers */ = {isa = PBXBuildFile; fileRef = 1344F4B62C5B28FC00D8C850 /* SKKBaseDictionary.h */; };
		1344F57E2C5B28FC00D8C850 /* SKKInputModeSelector.h in Headers */ = {isa = PBXBuildFile; fileRef = 1344F4FA2C5B28FC00D8C850 /* SKKInputModeSelector.h */; };
		1344F57F2C5B28FC00D8C850 /* SKKInputSessionParameter.h in Headers */ = {isa = PBXBuildFile; fileRef = 1344F4A32C5B28FC00D8C850 /* SKKInputSessionParameter.h */; };
		1344F5802C5B28FC00D8C850 /* SKKInputContext.h in Headers */ = {isa = PBXBuildFile; fileRef = 1344F4F62C5B28FC00D8C850 /* SKKInputContext.h */; };
		1344F5812C5B28FC00D8C850 /* SKKOkuriEditor.h in Headers */ = {isa = PBXBuildFile; fileRef = 1344F4D72C5B28FC00D8C850 /* SKKOkuriEditor.h */; };
		1344F5822C5B28FC00D8C850 /* SKKDictionaryLoader.h in Headers */ = {isa = PBXBuildFile; fileRef = 1344F4BD2C5B28FC00D8C850 /* SKKDictionaryLoader.h */; };
		1344F5832C5B28FC00D8C850 /* SKKStateComposing-inl.h in Headers */ = {isa = PBXBuildFile; fileRef = 1344F50D2C5B28FC00D8C850 /* SKKStateComposing-inl.h */; };
		1344F5842C5B28FC00D8C850 /* SKKState.h in Headers */ = {isa = PBXBuildFile; fileRef = 1344F50B2C5B28FC00D8C850 /* SKKState.h */; };
		1344F5852C5B28FC00D8C850 /* SKKDistributedUserDictionary.h in Headers */ = {isa = PBXBuildFile; fileRef = 1344F4BF2C5B28FC00D8C850 /* SKKDistributedUserDictionary.h */; };
		1344F5862C5B28FC00D8C850 /* SKKStateRecursiveRegister-inl.h in Headers */ = {isa = PBXBuildFile; fileRef = 1344F5112C5B28FC00D8C850 /* SKKStateRecursiveRegister-inl.h */; };
		1344F5872C5B28FC00D8C850 /* SKKLocalDictionaryLoader.h in Headers */ = {isa = PBXBuildFile; fileRef = 1344F4C52C5B28FC00D8C850 /* SKKLocalDictionaryLoader.h */; };
		1344F5892C5B28FC00D8C850 /* SKKCandidateEditor.h in Headers */ = {isa = PBXBuildFile; fileRef = 1344F4CD2C5B28FC00D8C850 /* SKKCandidateEditor.h */; };
		1344F58A2C5B28FC00D8C850 /* SKKNumericConverter.h in Headers */ = {isa = PBXBuildFile; fileRef = 1344F4AF2C5B28FC00D8C850 /* SKKNumericConverter.h */; };
		1344F58B2C5B28FC00D8C850 /* SKKInputSession.h in Headers */ = {isa = PBXBuildFile; fileRef = 1344F4FC2C5B28FC00D8C850 /* SKKInputSession.h */; };
		1344F58D2C5B28FC00D8C850 /* SKKStatePrimary-inl.h in Headers */ = {isa = PBXBuildFile; fileRef = 1344F5102C5B28FC00D8C850 /* SKKStatePrimary-inl.h */; };
		1344F58E2C5B28FC00D8C850 /* SKKCandidateParser.h in Headers */ = {isa = PBXBuildFile; fileRef = 1344F4E22C5B28FC00D8C850 /* SKKCandidateParser.h */; };
		1344F58F2C5B28FC00D8C850 /* SKKUndoContext.h in Headers */ = {isa = PBXBuildFile; fileRef = 1344F5032C5B28FC00D8C850 /* SKKUndoContext.h */; };
		1344F5902C5B28FC00D8C850 /* SKKMessenger.h in Headers */ = {isa = PBXBuildFile; fileRef = 1344F4A42C5B28FC00D8C850 /* SKKMessenger.h */; };
		1344F5912C5B28FC00D8C850 /* SKKDictionaryCache.h in Headers */ = {isa = PBXBuildFile; fileRef = 1344F4AA2C5B28FC00D8C850 /* SKKDictionaryCache.h */; };
		1344F5922C5B28FC00D8C850 /* SKKHttpDictionaryLoader.h in Headers */ = {isa = PBXBuildFile; fileRef = 1344F4C32C5B28FC00D8C850 /* SKKHttpDictionaryLoader.h */; };
		1344F5932C5B28FC00D8C850 /* SKKInputModeListener.h in Headers */ = {isa = PBXBuildFile; fileRef = 1344F4A22C5B28FC00D8C850 /* SKKInputModeListener.h */; };
		1344F5942C5B28FC00D8C850 /* SKKCommonDictionary.h in Headers */ = {isa = PBXBuildFile; fileRef = 1344F4B72C5B28FC00D8C850 /* SKKCommonDictionary.h */; };
		1344F5952C5B28FC00D8C850 /* socketutil.h in Headers */ = {isa = PBXBuildFile; fileRef = 1344F5582C5B28FC00D8C850 /* socketutil.h */; };
		1344F5962C5B28FC00D8C850 /* SKKStateEntryRemove-inl.h in Headers */ = {isa = PBXBuildFile; fileRef = 1344F50E2C5B28FC00D8C850 /* SKKStateEntryRemove-inl.h */; };
		1344F5972C5B28FC00D8C850 /* SKKDynamicCompletor.h in Headers */ = {isa = PBXBuildFile; fileRef = 1344F4A02C5B28FC00D8C850 /* SKKDynamicCompletor.h */; };
		1344F5982C5B28FC00D8C850 /* jconv_eucj2ucs-inl.h in Headers */ = {isa = PBXBuildFile; fileRef = 1344F5552C5B28FC00D8C850 /* jconv_eucj2ucs-inl.h */; };
		1344F5992C5B28FC00D8C850 /* SKKBaseEditor.h in Headers */ = {isa = PBXBuildFile; fileRef = 1344F4CC2C5B28FC00D8C850 /* SKKBaseEditor.h */; };
		1344F59A2C5B28FC00D8C850 /* pthreadutil.h in Headers */ = {isa = PBXBuildFile; fileRef = 1344F5572C5B28FC00D8C850 /* pthreadutil.h */; };
		1344F59B2C5B28FC00D8C850 /* SKKBaseSelector.h in Headers */ = {isa = PBXBuildFile; fileRef = 1344F4EE2C5B28FC00D8C850 /* SKKBaseSelector.h */; };
		1344F59C2C5B28FC00D8C850 /* SKKDictionaryFactory.h in Headers */ = {isa = PBXBuildFile; fileRef = 1344F4AC2C5B28FC00D8C850 /* SKKDictionaryFactory.h */; };
		1344F59D2C5B28FC00D8C850 /* SKKRecursiveEditor.h in Headers */ = {isa = PBXBuildFile; fileRef = 1344F5002C5B28FC00D8C850 /* SKKRecursiveEditor.h */; };
		1344F59E2C5B28FC00D8C850 /* utf8util.h in Headers */ = {isa = PBXBuildFile; fileRef = 1344F55B2C5B28FC00D8C850 /* utf8util.h */; };
		1344F59F2C5B28FC00D8C850 /* SKKGadgetDictionary.h in Headers */ = {isa = PBXBuildFile; fileRef = 1344F4C12C5B28FC00D8C850 /* SKKGadgetDictionary.h */; };
		1344F5A02C5B28FC00D8C850 /* SKKEntryRemoveEditor.h in Headers */ = {isa = PBXBuildFile; fileRef = 1344F4D12C5B28FC00D8C850 /* SKKEntryRemoveEditor.h */; };
		1344F5A12C5B28FC00D8C850 /* SKKAutoUpdateDictionary.h in Headers */ = {isa = PBXBuildFile; fileRef = 1344F4B52C5B28FC00D8C850 /* SKKAutoUpdateDictionary.h */; };
		1344F5A22C5B28FC00D8C850 /* SKKWidget.h in Headers */ = {isa = PBXBuildFile; fileRef = 1344F4A52C5B28FC00D8C850 /* SKKWidget.h */; };
		1344F5A42C5B28FC00D8C850 /* SKKBackEnd.h in Headers */ = {isa = PBXBuildFile; fileRef = 1344F4A72C5B28FC00D8C850 /* SKKBackEnd.h */; };
		1344F5A52C5B28FC00D8C850 /* SKKSelector.h in Headers */ = {isa = PBXBuildFile; fileRef = 1344F4F12C5B28FC00D8C850 /* SKKSelector.h */; };
		1344F5A62C5B28FC00D8C850 /* GenericStateMachine.h in Headers */ = {isa = PBXBuildFile; fileRef = 1344F5092C5B28FC00D8C850 /* GenericStateMachine.h */; };
		1344F5A72C5B28FC00D8C850 /* skkserv.h in Headers */ = {isa = PBXBuildFile; fileRef = 1344F5062C5B28FC00D8C850 /* skkserv.h */; };
		1344F5A82C5B28FC00D8C850 /* SKKCandidateFilter.h in Headers */ = {isa = PBXBuildFile; fileRef = 1344F4A92C5B28FC00D8C850 /* SKKCandidateFilter.h */; };
		1344F5A92C5B28FC00D8C850 /* SKKCompletionHelper.h in Headers */ = {isa = PBXBuildFile; fileRef = 1344F4B82C5B28FC00D8C850 /* SKKCompletionHelper.h */; };
		1344F5AA2C5B28FC00D8C850 /* SKKCandidate.h in Headers */ = {isa = PBXBuildFile; fileRef = 1344F4E02C5B28FC00D8C850 /* SKKCandidate.h */; };
		1344F5AC2C5B28FC00D8C850 /* SKKInlineSelector.h in Headers */ = {isa = PBXBuildFile; fileRef = 1344F4EF2C5B28FC00D8C850 /* SKKInlineSelector.h */; };
		1344F5AD2C5B28FC00D8C850 /* SKKKeymapEntry.h in Headers */ = {isa = PBXBuildFile; fileRef = 1344F4EA2C5B28FC00D8C850 /* SKKKeymapEntry.h */; };
		1344F5AE2C5B28FC00D8C850 /* SKKKeyState.h in Headers */ = {isa = PBXBuildFile; fileRef = 1344F4EC2C5B28FC00D8C850 /* SKKKeyState.h */; };
		1344F5AF2C5B28FC00D8C850 /* stringutil.h in Headers */ = {isa = PBXBuildFile; fileRef = 1344F5592C5B28FC00D8C850 /* stringutil.h */; };
		1344F5B02C5B28FC00D8C850 /* SKKInputEnvironment.h in Headers */ = {isa = PBXBuildFile; fileRef = 1344F4F72C5B28FC00D8C850 /* SKKInputEnvironment.h */; };
		1344F5B12C5B28FC00D8C850 /* SKKInputMode.h in Headers */ = {isa = PBXBuildFile; fileRef = 1344F4F92C5B28FC00D8C850 /* SKKInputMode.h */; };
		1344F5B32C5B28FC00D8C850 /* SKKEvent.h in Headers */ = {isa = PBXBuildFile; fileRef = 1344F50A2C5B28FC00D8C850 /* SKKEvent.h */; };
		1344F5B42C5B28FC00D8C850 /* jconv_body-inl.h in Headers */ = {isa = PBXBuildFile; fileRef = 1344F5542C5B28FC00D8C850 /* jconv_body-inl.h */; };
		1344F5B52C5B28FC00D8C850 /* SKKEntry.h in Headers */ = {isa = PBXBuildFile; fileRef = 1344F4E42C5B28FC00D8C850 /* SKKEntry.h */; };
		1344F5B62C5B28FC00D8C850 /* jconv.h in Headers */ = {isa = PBXBuildFile; fileRef = 1344F5522C5B28FC00D8C850 /* jconv.h */; };
		1344F5B72C5B28FC00D8C850 /* SKKCandidateWindow.h in Headers */ = {isa = PBXBuildFile; fileRef = 1344F49D2C5B28FC00D8C850 /* SKKCandidateWindow.h */; };
		1344F5B82C5B28FC00D8C850 /* SKKDictionaryFile.h in Headers */ = {isa = PBXBuildFile; fileRef = 1344F4B92C5B28FC00D8C850 /* SKKDictionaryFile.h */; };
		1344F5BA2C5B28FC00D8C850 /* SKKKeymap.h in Headers */ = {isa = PBXBuildFile; fileRef = 1344F4E82C5B28FC00D8C850 /* SKKKeymap.h */; };
		1344F5BB2C5B28FC00D8C850 /* SKKInputEngine.h in Headers */ = {isa = PBXBuildFile; fileRef = 1344F4D32C5B28FC00D8C850 /* SKKInputEngine.h */; };
		1344F5BC2C5B28FC00D8C850 /* SKKDictionaryKey.h in Headers */ = {isa = PBXBuildFile; fileRef = 1344F4AE2C5B28FC00D8C850 /* SKKDictionaryKey.h */; };
		1344F5BE2C5B28FC00D8C850 /* SKKCompleter.h in Headers */ = {isa = PBXBuildFile; fileRef = 1344F4B22C5B28FC00D8C850 /* SKKCompleter.h */; };
		1344F5CB2C5B28FC00D8C850 /* SKKTrie.cpp in Sources */ = {isa = PBXBuildFile; fileRef = 1344F54F2C5B28FC00D8C850 /* SKKTrie.cpp */; };
		1344F5CF2C5B28FC00D8C850 /* SKKInputEnvironment.cpp in Sources */ = {isa = PBXBuildFile; fileRef = 1344F4F82C5B28FC00D8C850 /* SKKInputEnvironment.cpp */; };
		1344F5D02C5B28FC00D8C850 /* SKKHttpDictionaryLoader.cpp in Sources */ = {isa = PBXBuildFile; fileRef = 1344F4C42C5B28FC00D8C850 /* SKKHttpDictionaryLoader.cpp */; };
		1344F5D12C5B28FC00D8C850 /* SKKPrimaryEditor.cpp in Sources */ = {isa = PBXBuildFile; fileRef = 1344F4DA2C5B28FC00D8C850 /* SKKPrimaryEditor.cpp */; };
		1344F5D22C5B28FC00D8C850 /* SKKRomanKanaConverter.cpp in Sources */ = {isa = PBXBuildFile; fileRef = 1344F54D2C5B28FC00D8C850 /* SKKRomanKanaConverter.cpp */; };
		1344F5D42C5B28FC00D8C850 /* SKKInputSession.cpp in Sources */ = {isa = PBXBuildFile; fileRef = 1344F4FD2C5B28FC00D8C850 /* SKKInputSession.cpp */; };
		1344F5D92C5B28FC00D8C850 /* SKKInputModeSelector.cpp in Sources */ = {isa = PBXBuildFile; fileRef = 1344F4FB2C5B28FC00D8C850 /* SKKInputModeSelector.cpp */; };
		1344F5DA2C5B28FC00D8C850 /* SKKWindowSelector.cpp in Sources */ = {isa = PBXBuildFile; fileRef = 1344F4F42C5B28FC00D8C850 /* SKKWindowSelector.cpp */; };
		1344F5DB2C5B28FC00D8C850 /* SKKEntryRemoveEditor.cpp in Sources */ = {isa = PBXBuildFile; fileRef = 1344F4D22C5B28FC00D8C850 /* SKKEntryRemoveEditor.cpp */; };
		1344F5DC2C5B28FC00D8C850 /* SKKRegisterEditor.cpp in Sources */ = {isa = PBXBuildFile; fileRef = 1344F4DC2C5B28FC00D8C850 /* SKKRegisterEditor.cpp */; };
		1344F5DE2C5B28FC00D8C850 /* SKKKeymap.cpp in Sources */ = {isa = PBXBuildFile; fileRef = 1344F4E92C5B28FC00D8C850 /* SKKKeymap.cpp */; };
		1344F5DF2C5B28FC00D8C850 /* SKKDictionaryCache.cpp in Sources */ = {isa = PBXBuildFile; fileRef = 1344F4AB2C5B28FC00D8C850 /* SKKDictionaryCache.cpp */; };
		1344F5E22C5B28FC00D8C850 /* SKKRecursiveEditor.cpp in Sources */ = {isa = PBXBuildFile; fileRef = 1344F5012C5B28FC00D8C850 /* SKKRecursiveEditor.cpp */; };
		1344F5E42C5B28FC00D8C850 /* SKKComposingEditor.cpp in Sources */ = {isa = PBXBuildFile; fileRef = 1344F4D02C5B28FC00D8C850 /* SKKComposingEditor.cpp */; };
		1344F5E72C5B28FC00D8C850 /* SKKDictionaryFactory.cpp in Sources */ = {isa = PBXBuildFile; fileRef = 1344F4AD2C5B28FC00D8C850 /* SKKDictionaryFactory.cpp */; };
		1344F5EA2C5B28FC00D8C850 /* SKKDistributedUserDictionary.cpp in Sources */ = {isa = PBXBuildFile; fileRef = 1344F4C02C5B28FC00D8C850 /* SKKDistributedUserDictionary.cpp */; };
		1344F5EB2C5B28FC00D8C850 /* SKKKeymapEntry.cpp in Sources */ = {isa = PBXBuildFile; fileRef = 1344F4EB2C5B28FC00D8C850 /* SKKKeymapEntry.cpp */; };
		1344F5EC2C5B28FC00D8C850 /* SKKOkuriEditor.cpp in Sources */ = {isa = PBXBuildFile; fileRef = 1344F4D82C5B28FC00D8C850 /* SKKOkuriEditor.cpp */; };
		1344F5ED2C5B28FC00D8C850 /* SKKInputQueue.cpp in Sources */ = {isa = PBXBuildFile; fileRef = 1344F4D62C5B28FC00D8C850 /* SKKInputQueue.cpp */; };
		1344F5EE2C5B28FC00D8C850 /* jconv.cpp in Sources */ = {isa = PBXBuildFile; fileRef = 1344F5532C5B28FC00D8C850 /* jconv.cpp */; };
		1344F5F42C5B28FC00D8C850 /* SKKCompleter.cpp in Sources */ = {isa = PBXBuildFile; fileRef = 1344F4B32C5B28FC00D8C850 /* SKKCompleter.cpp */; };
		1344F5F72C5B28FC00D8C850 /* SKKGadgetDictionary.cpp in Sources */ = {isa = PBXBuildFile; fileRef = 1344F4C22C5B28FC00D8C850 /* SKKGadgetDictionary.cpp */; };
		1344F5F92C5B28FC00D8C850 /* skkserv.cpp in Sources */ = {isa = PBXBuildFile; fileRef = 1344F5072C5B28FC00D8C850 /* skkserv.cpp */; };
		1344F5FA2C5B28FC00D8C850 /* SKKOutputBuffer.cpp in Sources */ = {isa = PBXBuildFile; fileRef = 1344F4FF2C5B28FC00D8C850 /* SKKOutputBuffer.cpp */; };
		1344F5FB2C5B28FC00D8C850 /* SKKBackEnd.cpp in Sources */ = {isa = PBXBuildFile; fileRef = 1344F4A82C5B28FC00D8C850 /* SKKBackEnd.cpp */; };
		1344F5FC2C5B28FC00D8C850 /* SKKTextBuffer.cpp in Sources */ = {isa = PBXBuildFile; fileRef = 1344F4DE2C5B28FC00D8C850 /* SKKTextBuffer.cpp */; };
		1344F5FD2C5B28FC00D8C850 /* SKKDictionaryKeeper.cpp in Sources */ = {isa = PBXBuildFile; fileRef = 1344F4BC2C5B28FC00D8C850 /* SKKDictionaryKeeper.cpp */; };
		1344F5FF2C5B28FC00D8C850 /* SKKInputEngine.cpp in Sources */ = {isa = PBXBuildFile; fileRef = 1344F4D42C5B28FC00D8C850 /* SKKInputEngine.cpp */; };
		1344F6012C5B28FC00D8C850 /* SKKInlineSelector.cpp in Sources */ = {isa = PBXBuildFile; fileRef = 1344F4F02C5B28FC00D8C850 /* SKKInlineSelector.cpp */; };
		1344F6022C5B28FC00D8C850 /* SKKSelector.cpp in Sources */ = {isa = PBXBuildFile; fileRef = 1344F4F22C5B28FC00D8C850 /* SKKSelector.cpp */; };
		1344F6042C5B28FC00D8C850 /* SKKDictionaryFile.cpp in Sources */ = {isa = PBXBuildFile; fileRef = 1344F4BA2C5B28FC00D8C850 /* SKKDictionaryFile.cpp */; };
		1344F6052C5B28FC00D8C850 /* SKKNumericConverter.cpp in Sources */ = {isa = PBXBuildFile; fileRef = 1344F4B02C5B28FC00D8C850 /* SKKNumericConverter.cpp */; };
		1344F6062C5B28FC00D8C850 /* SKKState.cpp in Sources */ = {isa = PBXBuildFile; fileRef = 1344F50C2C5B28FC00D8C850 /* SKKState.cpp */; };
		1344F6072C5B28FC00D8C850 /* SKKLocalUserDictionary.cpp in Sources */ = {isa = PBXBuildFile; fileRef = 1344F4C72C5B28FC00D8C850 /* SKKLocalUserDictionary.cpp */; };
		1344F6082C5B28FC00D8C850 /* SKKUndoContext.cpp in Sources */ = {isa = PBXBuildFile; fileRef = 1344F5042C5B28FC00D8C850 /* SKKUndoContext.cpp */; };
		1344F60C2C5B28FC00D8C850 /* SKKProxyDictionary.cpp in Sources */ = {isa = PBXBuildFile; fileRef = 1344F4C92C5B28FC00D8C850 /* SKKProxyDictionary.cpp */; };
		1344F60D2C5B28FC00D8C850 /* SKKCandidate.cpp in Sources */ = {isa = PBXBuildFile; fileRef = 1344F4E12C5B28FC00D8C850 /* SKKCandidate.cpp */; };
		1344F60E2C5B28FC00D8C850 /* SKKEntry.cpp in Sources */ = {isa = PBXBuildFile; fileRef = 1344F4E52C5B28FC00D8C850 /* SKKEntry.cpp */; };
		1344F6102C5B28FC00D8C850 /* SKKCandidateEditor.cpp in Sources */ = {isa = PBXBuildFile; fileRef = 1344F4CE2C5B28FC00D8C850 /* SKKCandidateEditor.cpp */; };
		1344F6192C5B2C9500D8C850 /* AquaSKKEngine.framework in Frameworks */ = {isa = PBXBuildFile; fileRef = 13D7560B2C5A9043006144F2 /* AquaSKKEngine.framework */; };
		1344F6212C5B2C9C00D8C850 /* EngineTests.m in Sources */ = {isa = PBXBuildFile; fileRef = 1344F61F2C5B2C9C00D8C850 /* EngineTests.m */; };
		13D756192C5A9049006144F2 /* AquaSKKEngine.docc in Sources */ = {isa = PBXBuildFile; fileRef = 13D756172C5A9049006144F2 /* AquaSKKEngine.docc */; };
		13D7561A2C5A9049006144F2 /* AquaSKKEngine.h in Headers */ = {isa = PBXBuildFile; fileRef = 13D756162C5A9049006144F2 /* AquaSKKEngine.h */; settings = {ATTRIBUTES = (Public, ); }; };
		13EDDCCA2C5B2D520062A0DA /* stringutil_TEST.mm in Sources */ = {isa = PBXBuildFile; fileRef = 1344F5452C5B28FC00D8C850 /* stringutil_TEST.mm */; };
		13EDDCCB2C5B2E500062A0DA /* utf8util_TEST.mm in Sources */ = {isa = PBXBuildFile; fileRef = 1344F54A2C5B28FC00D8C850 /* utf8util_TEST.mm */; };
		13EDDCCC2C5B2ED70062A0DA /* SKKWindowSelector_TEST.mm in Sources */ = {isa = PBXBuildFile; fileRef = 1344F5432C5B28FC00D8C850 /* SKKWindowSelector_TEST.mm */; };
		13EDDCCD2C5B2F450062A0DA /* SKKUserDictionary_TEST.mm in Sources */ = {isa = PBXBuildFile; fileRef = 1344F5422C5B28FC00D8C850 /* SKKUserDictionary_TEST.mm */; };
		13EDDCCE2C5B2FBF0062A0DA /* SKKTrie_TEST.mm in Sources */ = {isa = PBXBuildFile; fileRef = 1344F5412C5B28FC00D8C850 /* SKKTrie_TEST.mm */; };
		13EDDCCF2C5B308C0062A0DA /* skk.jisyo in Resources */ = {isa = PBXBuildFile; fileRef = 1344F5252C5B28FC00D8C850 /* skk.jisyo */; };
		13EDDCD02C5B308C0062A0DA /* skk-jisyo.utf8 in Resources */ = {isa = PBXBuildFile; fileRef = 1344F5262C5B28FC00D8C850 /* skk-jisyo.utf8 */; };
		13EDDCD22C5B31E20062A0DA /* dict.file in Resources */ = {isa = PBXBuildFile; fileRef = 1344F5142C5B28FC00D8C850 /* dict.file */; };
		13EDDCD32C5B31E20062A0DA /* kana-rule.conf in Resources */ = {isa = PBXBuildFile; fileRef = 1344F5152C5B28FC00D8C850 /* kana-rule.conf */; };
		13EDDCD42C5B31E20062A0DA /* keymap.conf in Resources */ = {isa = PBXBuildFile; fileRef = 1344F5162C5B28FC00D8C850 /* keymap.conf */; };
		13EDDCD52C5B31E20062A0DA /* keymap_patch.conf in Resources */ = {isa = PBXBuildFile; fileRef = 1344F5172C5B28FC00D8C850 /* keymap_patch.conf */; };
		13EDDCD62C5B31E20062A0DA /* period.rule in Resources */ = {isa = PBXBuildFile; fileRef = 1344F5232C5B28FC00D8C850 /* period.rule */; };
		13EDDCD72C5B31E20062A0DA /* SKK-JISYO.S1 in Resources */ = {isa = PBXBuildFile; fileRef = 1344F5272C5B28FC00D8C850 /* SKK-JISYO.S1 */; };
		13EDDCD82C5B31E20062A0DA /* SKK-JISYO.S2 in Resources */ = {isa = PBXBuildFile; fileRef = 1344F5282C5B28FC00D8C850 /* SKK-JISYO.S2 */; };
		13EDDCD92C5B31E20062A0DA /* SKK-JISYO.TEST in Resources */ = {isa = PBXBuildFile; fileRef = 1344F5292C5B28FC00D8C850 /* SKK-JISYO.TEST */; };
		13EDDCDA2C5B31E20062A0DA /* SKK-JISYO.TEST.UTF8 in Resources */ = {isa = PBXBuildFile; fileRef = 1344F52A2C5B28FC00D8C850 /* SKK-JISYO.TEST.UTF8 */; };
		13EDDCDB2C5B31E20062A0DA /* test.dat in Resources */ = {isa = PBXBuildFile; fileRef = 1344F5462C5B28FC00D8C850 /* test.dat */; };
		13EDDCDC2C5B323B0062A0DA /* calculator_TEST.mm in Sources */ = {isa = PBXBuildFile; fileRef = 1344F5132C5B28FC00D8C850 /* calculator_TEST.mm */; };
		13EDDCDD2C5B32490062A0DA /* pthreadutil_TEST.mm in Sources */ = {isa = PBXBuildFile; fileRef = 1344F5242C5B28FC00D8C850 /* pthreadutil_TEST.mm */; };
		13EDDCDE2C5B32A20062A0DA /* SKKAutoUpdateDictionary_TEST.mm in Sources */ = {isa = PBXBuildFile; fileRef = 1344F52B2C5B28FC00D8C850 /* SKKAutoUpdateDictionary_TEST.mm */; };
		13EDDCDF2C5B33600062A0DA /* SKKBackEnd_TEST.mm in Sources */ = {isa = PBXBuildFile; fileRef = 1344F52C2C5B28FC00D8C850 /* SKKBackEnd_TEST.mm */; };
		13EDDCE02C5B34BA0062A0DA /* SKKCandidate_TEST.mm in Sources */ = {isa = PBXBuildFile; fileRef = 1344F52D2C5B28FC00D8C850 /* SKKCandidate_TEST.mm */; };
		13EDDCE12C5B350D0062A0DA /* SKKCandidateParser_TEST.mm in Sources */ = {isa = PBXBuildFile; fileRef = 1344F52E2C5B28FC00D8C850 /* SKKCandidateParser_TEST.mm */; };
		13EDDCE22C5B351B0062A0DA /* SKKCandidateSuite_TEST.mm in Sources */ = {isa = PBXBuildFile; fileRef = 1344F52F2C5B28FC00D8C850 /* SKKCandidateSuite_TEST.mm */; };
		13EDDCE32C5B35C90062A0DA /* SKKCommonDictionary_TEST.mm in Sources */ = {isa = PBXBuildFile; fileRef = 1344F5302C5B28FC00D8C850 /* SKKCommonDictionary_TEST.mm */; };
		13EDDCE42C5B37830062A0DA /* SKKCompleter_TEST.mm in Sources */ = {isa = PBXBuildFile; fileRef = 1344F5312C5B28FC00D8C850 /* SKKCompleter_TEST.mm */; };
		13EDDCE52C5B37DC0062A0DA /* SKKDictionaryFactory_TEST.mm in Sources */ = {isa = PBXBuildFile; fileRef = 1344F5322C5B28FC00D8C850 /* SKKDictionaryFactory_TEST.mm */; };
		13EDDCE62C5B38820062A0DA /* SKKDictionaryFile_TEST.mm in Sources */ = {isa = PBXBuildFile; fileRef = 1344F5332C5B28FC00D8C850 /* SKKDictionaryFile_TEST.mm */; };
		13EDDCE72C5B38AF0062A0DA /* SKKDictionaryKeeper_TEST.mm in Sources */ = {isa = PBXBuildFile; fileRef = 1344F5342C5B28FC00D8C850 /* SKKDictionaryKeeper_TEST.mm */; };
		13EDDCE82C5B395B0062A0DA /* SKKInlineSelector_TEST.mm in Sources */ = {isa = PBXBuildFile; fileRef = 1344F5382C5B28FC00D8C850 /* SKKInlineSelector_TEST.mm */; };
		13EDDCE92C5B395B0062A0DA /* SKKProxyDictionary_TEST.mm in Sources */ = {isa = PBXBuildFile; fileRef = 1344F53E2C5B28FC00D8C850 /* SKKProxyDictionary_TEST.mm */; };
		13EDDCEA2C5B395B0062A0DA /* SKKNumericConverter_TEST.mm in Sources */ = {isa = PBXBuildFile; fileRef = 1344F53D2C5B28FC00D8C850 /* SKKNumericConverter_TEST.mm */; };
		13EDDCEB2C5B395B0062A0DA /* SKKDistributedUserDictionary_TEST.mm in Sources */ = {isa = PBXBuildFile; fileRef = 1344F5362C5B28FC00D8C850 /* SKKDistributedUserDictionary_TEST.mm */; };
		13EDDCEC2C5B395B0062A0DA /* SKKKeymap_TEST.mm in Sources */ = {isa = PBXBuildFile; fileRef = 1344F53B2C5B28FC00D8C850 /* SKKKeymap_TEST.mm */; };
		13EDDCED2C5B395B0062A0DA /* SKKGadgetDictionary_TEST.mm in Sources */ = {isa = PBXBuildFile; fileRef = 1344F5372C5B28FC00D8C850 /* SKKGadgetDictionary_TEST.mm */; };
		13EDDCEE2C5B395B0062A0DA /* SKKDictionaryLoader_TEST.mm in Sources */ = {isa = PBXBuildFile; fileRef = 1344F5352C5B28FC00D8C850 /* SKKDictionaryLoader_TEST.mm */; };
		13EDDCEF2C5B395B0062A0DA /* SKKKeymapEntry_TEST.mm in Sources */ = {isa = PBXBuildFile; fileRef = 1344F53C2C5B28FC00D8C850 /* SKKKeymapEntry_TEST.mm */; };
		13EDDCF02C5B395B0062A0DA /* SKKRomanKanaConverter_TEST.mm in Sources */ = {isa = PBXBuildFile; fileRef = 1344F53F2C5B28FC00D8C850 /* SKKRomanKanaConverter_TEST.mm */; };
		13EDDCF12C5B395B0062A0DA /* SKKSelector_TEST.mm in Sources */ = {isa = PBXBuildFile; fileRef = 1344F5402C5B28FC00D8C850 /* SKKSelector_TEST.mm */; };
		13EDDCF22C5B395B0062A0DA /* SKKInputQueue_TEST.mm in Sources */ = {isa = PBXBuildFile; fileRef = 1344F5392C5B28FC00D8C850 /* SKKInputQueue_TEST.mm */; };
		13EDDCF32C5B395B0062A0DA /* SKKInputSession_TEST.mm in Sources */ = {isa = PBXBuildFile; fileRef = 1344F53A2C5B28FC00D8C850 /* SKKInputSession_TEST.mm */; };
/* End PBXBuildFile section */

/* Begin PBXContainerItemProxy section */
		1344F48E2C5A92CE00D8C850 /* PBXContainerItemProxy */ = {
			isa = PBXContainerItemProxy;
			containerPortal = 13D368112C5A81290083CAE3 /* Project object */;
			proxyType = 1;
			remoteGlobalIDString = 13D7560A2C5A9043006144F2;
			remoteInfo = AquaSKKEngine;
		};
		1344F61A2C5B2C9500D8C850 /* PBXContainerItemProxy */ = {
			isa = PBXContainerItemProxy;
			containerPortal = 13D368112C5A81290083CAE3 /* Project object */;
			proxyType = 1;
			remoteGlobalIDString = 13D7560A2C5A9043006144F2;
			remoteInfo = AquaSKKEngine;
		};
/* End PBXContainerItemProxy section */

/* Begin PBXFileReference section */
		1344F4892C5A92CE00D8C850 /* AquaSKKEngineTests.xctest */ = {isa = PBXFileReference; explicitFileType = wrapper.cfbundle; includeInIndex = 0; path = AquaSKKEngineTests.xctest; sourceTree = BUILT_PRODUCTS_DIR; };
		1344F4932C5A92D300D8C850 /* AquaSKKEngineTests.swift */ = {isa = PBXFileReference; lastKnownFileType = sourcecode.swift; path = AquaSKKEngineTests.swift; sourceTree = "<group>"; };
		1344F4962C5B27CF00D8C850 /* All.xctestplan */ = {isa = PBXFileReference; lastKnownFileType = text; name = All.xctestplan; path = Tests/All.xctestplan; sourceTree = SOURCE_ROOT; };
		1344F49C2C5B28FC00D8C850 /* SKKAnnotator.h */ = {isa = PBXFileReference; lastKnownFileType = sourcecode.c.h; path = SKKAnnotator.h; sourceTree = "<group>"; };
		1344F49D2C5B28FC00D8C850 /* SKKCandidateWindow.h */ = {isa = PBXFileReference; lastKnownFileType = sourcecode.c.h; path = SKKCandidateWindow.h; sourceTree = "<group>"; };
		1344F49E2C5B28FC00D8C850 /* SKKClipboard.h */ = {isa = PBXFileReference; lastKnownFileType = sourcecode.c.h; path = SKKClipboard.h; sourceTree = "<group>"; };
		1344F49F2C5B28FC00D8C850 /* SKKConfig.h */ = {isa = PBXFileReference; lastKnownFileType = sourcecode.c.h; path = SKKConfig.h; sourceTree = "<group>"; };
		1344F4A02C5B28FC00D8C850 /* SKKDynamicCompletor.h */ = {isa = PBXFileReference; lastKnownFileType = sourcecode.c.h; path = SKKDynamicCompletor.h; sourceTree = "<group>"; };
		1344F4A12C5B28FC00D8C850 /* SKKFrontEnd.h */ = {isa = PBXFileReference; lastKnownFileType = sourcecode.c.h; path = SKKFrontEnd.h; sourceTree = "<group>"; };
		1344F4A22C5B28FC00D8C850 /* SKKInputModeListener.h */ = {isa = PBXFileReference; lastKnownFileType = sourcecode.c.h; path = SKKInputModeListener.h; sourceTree = "<group>"; };
		1344F4A32C5B28FC00D8C850 /* SKKInputSessionParameter.h */ = {isa = PBXFileReference; lastKnownFileType = sourcecode.c.h; path = SKKInputSessionParameter.h; sourceTree = "<group>"; };
		1344F4A42C5B28FC00D8C850 /* SKKMessenger.h */ = {isa = PBXFileReference; lastKnownFileType = sourcecode.c.h; path = SKKMessenger.h; sourceTree = "<group>"; };
		1344F4A52C5B28FC00D8C850 /* SKKWidget.h */ = {isa = PBXFileReference; lastKnownFileType = sourcecode.c.h; path = SKKWidget.h; sourceTree = "<group>"; };
		1344F4A72C5B28FC00D8C850 /* SKKBackEnd.h */ = {isa = PBXFileReference; lastKnownFileType = sourcecode.c.h; path = SKKBackEnd.h; sourceTree = "<group>"; };
		1344F4A82C5B28FC00D8C850 /* SKKBackEnd.cpp */ = {isa = PBXFileReference; lastKnownFileType = sourcecode.cpp.cpp; path = SKKBackEnd.cpp; sourceTree = "<group>"; };
		1344F4A92C5B28FC00D8C850 /* SKKCandidateFilter.h */ = {isa = PBXFileReference; lastKnownFileType = sourcecode.c.h; path = SKKCandidateFilter.h; sourceTree = "<group>"; };
		1344F4AA2C5B28FC00D8C850 /* SKKDictionaryCache.h */ = {isa = PBXFileReference; lastKnownFileType = sourcecode.c.h; path = SKKDictionaryCache.h; sourceTree = "<group>"; };
		1344F4AB2C5B28FC00D8C850 /* SKKDictionaryCache.cpp */ = {isa = PBXFileReference; lastKnownFileType = sourcecode.cpp.cpp; path = SKKDictionaryCache.cpp; sourceTree = "<group>"; };
		1344F4AC2C5B28FC00D8C850 /* SKKDictionaryFactory.h */ = {isa = PBXFileReference; lastKnownFileType = sourcecode.c.h; path = SKKDictionaryFactory.h; sourceTree = "<group>"; };
		1344F4AD2C5B28FC00D8C850 /* SKKDictionaryFactory.cpp */ = {isa = PBXFileReference; lastKnownFileType = sourcecode.cpp.cpp; path = SKKDictionaryFactory.cpp; sourceTree = "<group>"; };
		1344F4AE2C5B28FC00D8C850 /* SKKDictionaryKey.h */ = {isa = PBXFileReference; lastKnownFileType = sourcecode.c.h; path = SKKDictionaryKey.h; sourceTree = "<group>"; };
		1344F4AF2C5B28FC00D8C850 /* SKKNumericConverter.h */ = {isa = PBXFileReference; lastKnownFileType = sourcecode.c.h; path = SKKNumericConverter.h; sourceTree = "<group>"; };
		1344F4B02C5B28FC00D8C850 /* SKKNumericConverter.cpp */ = {isa = PBXFileReference; lastKnownFileType = sourcecode.cpp.cpp; path = SKKNumericConverter.cpp; sourceTree = "<group>"; };
		1344F4B22C5B28FC00D8C850 /* SKKCompleter.h */ = {isa = PBXFileReference; lastKnownFileType = sourcecode.c.h; path = SKKCompleter.h; sourceTree = "<group>"; };
		1344F4B32C5B28FC00D8C850 /* SKKCompleter.cpp */ = {isa = PBXFileReference; lastKnownFileType = sourcecode.cpp.cpp; path = SKKCompleter.cpp; sourceTree = "<group>"; };
		1344F4B52C5B28FC00D8C850 /* SKKAutoUpdateDictionary.h */ = {isa = PBXFileReference; lastKnownFileType = sourcecode.c.h; path = SKKAutoUpdateDictionary.h; sourceTree = "<group>"; };
		1344F4B62C5B28FC00D8C850 /* SKKBaseDictionary.h */ = {isa = PBXFileReference; lastKnownFileType = sourcecode.c.h; path = SKKBaseDictionary.h; sourceTree = "<group>"; };
		1344F4B72C5B28FC00D8C850 /* SKKCommonDictionary.h */ = {isa = PBXFileReference; lastKnownFileType = sourcecode.c.h; path = SKKCommonDictionary.h; sourceTree = "<group>"; };
		1344F4B82C5B28FC00D8C850 /* SKKCompletionHelper.h */ = {isa = PBXFileReference; lastKnownFileType = sourcecode.c.h; path = SKKCompletionHelper.h; sourceTree = "<group>"; };
		1344F4B92C5B28FC00D8C850 /* SKKDictionaryFile.h */ = {isa = PBXFileReference; lastKnownFileType = sourcecode.c.h; path = SKKDictionaryFile.h; sourceTree = "<group>"; };
		1344F4BA2C5B28FC00D8C850 /* SKKDictionaryFile.cpp */ = {isa = PBXFileReference; lastKnownFileType = sourcecode.cpp.cpp; path = SKKDictionaryFile.cpp; sourceTree = "<group>"; };
		1344F4BB2C5B28FC00D8C850 /* SKKDictionaryKeeper.h */ = {isa = PBXFileReference; lastKnownFileType = sourcecode.c.h; path = SKKDictionaryKeeper.h; sourceTree = "<group>"; };
		1344F4BC2C5B28FC00D8C850 /* SKKDictionaryKeeper.cpp */ = {isa = PBXFileReference; lastKnownFileType = sourcecode.cpp.cpp; path = SKKDictionaryKeeper.cpp; sourceTree = "<group>"; };
		1344F4BD2C5B28FC00D8C850 /* SKKDictionaryLoader.h */ = {isa = PBXFileReference; lastKnownFileType = sourcecode.c.h; path = SKKDictionaryLoader.h; sourceTree = "<group>"; };
		1344F4BE2C5B28FC00D8C850 /* SKKDictionaryTemplate.h */ = {isa = PBXFileReference; lastKnownFileType = sourcecode.c.h; path = SKKDictionaryTemplate.h; sourceTree = "<group>"; };
		1344F4BF2C5B28FC00D8C850 /* SKKDistributedUserDictionary.h */ = {isa = PBXFileReference; lastKnownFileType = sourcecode.c.h; path = SKKDistributedUserDictionary.h; sourceTree = "<group>"; };
		1344F4C02C5B28FC00D8C850 /* SKKDistributedUserDictionary.cpp */ = {isa = PBXFileReference; lastKnownFileType = sourcecode.cpp.cpp; path = SKKDistributedUserDictionary.cpp; sourceTree = "<group>"; };
		1344F4C12C5B28FC00D8C850 /* SKKGadgetDictionary.h */ = {isa = PBXFileReference; lastKnownFileType = sourcecode.c.h; path = SKKGadgetDictionary.h; sourceTree = "<group>"; };
		1344F4C22C5B28FC00D8C850 /* SKKGadgetDictionary.cpp */ = {isa = PBXFileReference; lastKnownFileType = sourcecode.cpp.cpp; path = SKKGadgetDictionary.cpp; sourceTree = "<group>"; };
		1344F4C32C5B28FC00D8C850 /* SKKHttpDictionaryLoader.h */ = {isa = PBXFileReference; lastKnownFileType = sourcecode.c.h; path = SKKHttpDictionaryLoader.h; sourceTree = "<group>"; };
		1344F4C42C5B28FC00D8C850 /* SKKHttpDictionaryLoader.cpp */ = {isa = PBXFileReference; lastKnownFileType = sourcecode.cpp.cpp; path = SKKHttpDictionaryLoader.cpp; sourceTree = "<group>"; };
		1344F4C52C5B28FC00D8C850 /* SKKLocalDictionaryLoader.h */ = {isa = PBXFileReference; lastKnownFileType = sourcecode.c.h; path = SKKLocalDictionaryLoader.h; sourceTree = "<group>"; };
		1344F4C62C5B28FC00D8C850 /* SKKLocalUserDictionary.h */ = {isa = PBXFileReference; lastKnownFileType = sourcecode.c.h; path = SKKLocalUserDictionary.h; sourceTree = "<group>"; };
		1344F4C72C5B28FC00D8C850 /* SKKLocalUserDictionary.cpp */ = {isa = PBXFileReference; lastKnownFileType = sourcecode.cpp.cpp; path = SKKLocalUserDictionary.cpp; sourceTree = "<group>"; };
		1344F4C82C5B28FC00D8C850 /* SKKProxyDictionary.h */ = {isa = PBXFileReference; lastKnownFileType = sourcecode.c.h; path = SKKProxyDictionary.h; sourceTree = "<group>"; };
		1344F4C92C5B28FC00D8C850 /* SKKProxyDictionary.cpp */ = {isa = PBXFileReference; lastKnownFileType = sourcecode.cpp.cpp; path = SKKProxyDictionary.cpp; sourceTree = "<group>"; };
		1344F4CA2C5B28FC00D8C850 /* SKKUserDictionary.h */ = {isa = PBXFileReference; lastKnownFileType = sourcecode.c.h; path = SKKUserDictionary.h; sourceTree = "<group>"; };
		1344F4CC2C5B28FC00D8C850 /* SKKBaseEditor.h */ = {isa = PBXFileReference; lastKnownFileType = sourcecode.c.h; path = SKKBaseEditor.h; sourceTree = "<group>"; };
		1344F4CD2C5B28FC00D8C850 /* SKKCandidateEditor.h */ = {isa = PBXFileReference; lastKnownFileType = sourcecode.c.h; path = SKKCandidateEditor.h; sourceTree = "<group>"; };
		1344F4CE2C5B28FC00D8C850 /* SKKCandidateEditor.cpp */ = {isa = PBXFileReference; lastKnownFileType = sourcecode.cpp.cpp; path = SKKCandidateEditor.cpp; sourceTree = "<group>"; };
		1344F4CF2C5B28FC00D8C850 /* SKKComposingEditor.h */ = {isa = PBXFileReference; lastKnownFileType = sourcecode.c.h; path = SKKComposingEditor.h; sourceTree = "<group>"; };
		1344F4D02C5B28FC00D8C850 /* SKKComposingEditor.cpp */ = {isa = PBXFileReference; lastKnownFileType = sourcecode.cpp.cpp; path = SKKComposingEditor.cpp; sourceTree = "<group>"; };
		1344F4D12C5B28FC00D8C850 /* SKKEntryRemoveEditor.h */ = {isa = PBXFileReference; lastKnownFileType = sourcecode.c.h; path = SKKEntryRemoveEditor.h; sourceTree = "<group>"; };
		1344F4D22C5B28FC00D8C850 /* SKKEntryRemoveEditor.cpp */ = {isa = PBXFileReference; lastKnownFileType = sourcecode.cpp.cpp; path = SKKEntryRemoveEditor.cpp; sourceTree = "<group>"; };
		1344F4D32C5B28FC00D8C850 /* SKKInputEngine.h */ = {isa = PBXFileReference; lastKnownFileType = sourcecode.c.h; path = SKKInputEngine.h; sourceTree = "<group>"; };
		1344F4D42C5B28FC00D8C850 /* SKKInputEngine.cpp */ = {isa = PBXFileReference; lastKnownFileType = sourcecode.cpp.cpp; path = SKKInputEngine.cpp; sourceTree = "<group>"; };
		1344F4D52C5B28FC00D8C850 /* SKKInputQueue.h */ = {isa = PBXFileReference; lastKnownFileType = sourcecode.c.h; path = SKKInputQueue.h; sourceTree = "<group>"; };
		1344F4D62C5B28FC00D8C850 /* SKKInputQueue.cpp */ = {isa = PBXFileReference; lastKnownFileType = sourcecode.cpp.cpp; path = SKKInputQueue.cpp; sourceTree = "<group>"; };
		1344F4D72C5B28FC00D8C850 /* SKKOkuriEditor.h */ = {isa = PBXFileReference; lastKnownFileType = sourcecode.c.h; path = SKKOkuriEditor.h; sourceTree = "<group>"; };
		1344F4D82C5B28FC00D8C850 /* SKKOkuriEditor.cpp */ = {isa = PBXFileReference; lastKnownFileType = sourcecode.cpp.cpp; path = SKKOkuriEditor.cpp; sourceTree = "<group>"; };
		1344F4D92C5B28FC00D8C850 /* SKKPrimaryEditor.h */ = {isa = PBXFileReference; lastKnownFileType = sourcecode.c.h; path = SKKPrimaryEditor.h; sourceTree = "<group>"; };
		1344F4DA2C5B28FC00D8C850 /* SKKPrimaryEditor.cpp */ = {isa = PBXFileReference; lastKnownFileType = sourcecode.cpp.cpp; path = SKKPrimaryEditor.cpp; sourceTree = "<group>"; };
		1344F4DB2C5B28FC00D8C850 /* SKKRegisterEditor.h */ = {isa = PBXFileReference; lastKnownFileType = sourcecode.c.h; path = SKKRegisterEditor.h; sourceTree = "<group>"; };
		1344F4DC2C5B28FC00D8C850 /* SKKRegisterEditor.cpp */ = {isa = PBXFileReference; lastKnownFileType = sourcecode.cpp.cpp; path = SKKRegisterEditor.cpp; sourceTree = "<group>"; };
		1344F4DD2C5B28FC00D8C850 /* SKKTextBuffer.h */ = {isa = PBXFileReference; lastKnownFileType = sourcecode.c.h; path = SKKTextBuffer.h; sourceTree = "<group>"; };
		1344F4DE2C5B28FC00D8C850 /* SKKTextBuffer.cpp */ = {isa = PBXFileReference; lastKnownFileType = sourcecode.cpp.cpp; path = SKKTextBuffer.cpp; sourceTree = "<group>"; };
		1344F4E02C5B28FC00D8C850 /* SKKCandidate.h */ = {isa = PBXFileReference; lastKnownFileType = sourcecode.c.h; path = SKKCandidate.h; sourceTree = "<group>"; };
		1344F4E12C5B28FC00D8C850 /* SKKCandidate.cpp */ = {isa = PBXFileReference; lastKnownFileType = sourcecode.cpp.cpp; path = SKKCandidate.cpp; sourceTree = "<group>"; };
		1344F4E22C5B28FC00D8C850 /* SKKCandidateParser.h */ = {isa = PBXFileReference; lastKnownFileType = sourcecode.c.h; path = SKKCandidateParser.h; sourceTree = "<group>"; };
		1344F4E32C5B28FC00D8C850 /* SKKCandidateSuite.h */ = {isa = PBXFileReference; lastKnownFileType = sourcecode.c.h; path = SKKCandidateSuite.h; sourceTree = "<group>"; };
		1344F4E42C5B28FC00D8C850 /* SKKEntry.h */ = {isa = PBXFileReference; lastKnownFileType = sourcecode.c.h; path = SKKEntry.h; sourceTree = "<group>"; };
		1344F4E52C5B28FC00D8C850 /* SKKEntry.cpp */ = {isa = PBXFileReference; lastKnownFileType = sourcecode.cpp.cpp; path = SKKEntry.cpp; sourceTree = "<group>"; };
		1344F4E62C5B28FC00D8C850 /* SKKOkuriHint.h */ = {isa = PBXFileReference; lastKnownFileType = sourcecode.c.h; path = SKKOkuriHint.h; sourceTree = "<group>"; };
		1344F4E82C5B28FC00D8C850 /* SKKKeymap.h */ = {isa = PBXFileReference; lastKnownFileType = sourcecode.c.h; path = SKKKeymap.h; sourceTree = "<group>"; };
		1344F4E92C5B28FC00D8C850 /* SKKKeymap.cpp */ = {isa = PBXFileReference; lastKnownFileType = sourcecode.cpp.cpp; path = SKKKeymap.cpp; sourceTree = "<group>"; };
		1344F4EA2C5B28FC00D8C850 /* SKKKeymapEntry.h */ = {isa = PBXFileReference; lastKnownFileType = sourcecode.c.h; path = SKKKeymapEntry.h; sourceTree = "<group>"; };
		1344F4EB2C5B28FC00D8C850 /* SKKKeymapEntry.cpp */ = {isa = PBXFileReference; lastKnownFileType = sourcecode.cpp.cpp; path = SKKKeymapEntry.cpp; sourceTree = "<group>"; };
		1344F4EC2C5B28FC00D8C850 /* SKKKeyState.h */ = {isa = PBXFileReference; lastKnownFileType = sourcecode.c.h; path = SKKKeyState.h; sourceTree = "<group>"; };
		1344F4EE2C5B28FC00D8C850 /* SKKBaseSelector.h */ = {isa = PBXFileReference; lastKnownFileType = sourcecode.c.h; path = SKKBaseSelector.h; sourceTree = "<group>"; };
		1344F4EF2C5B28FC00D8C850 /* SKKInlineSelector.h */ = {isa = PBXFileReference; lastKnownFileType = sourcecode.c.h; path = SKKInlineSelector.h; sourceTree = "<group>"; };
		1344F4F02C5B28FC00D8C850 /* SKKInlineSelector.cpp */ = {isa = PBXFileReference; lastKnownFileType = sourcecode.cpp.cpp; path = SKKInlineSelector.cpp; sourceTree = "<group>"; };
		1344F4F12C5B28FC00D8C850 /* SKKSelector.h */ = {isa = PBXFileReference; lastKnownFileType = sourcecode.c.h; path = SKKSelector.h; sourceTree = "<group>"; };
		1344F4F22C5B28FC00D8C850 /* SKKSelector.cpp */ = {isa = PBXFileReference; lastKnownFileType = sourcecode.cpp.cpp; path = SKKSelector.cpp; sourceTree = "<group>"; };
		1344F4F32C5B28FC00D8C850 /* SKKWindowSelector.h */ = {isa = PBXFileReference; lastKnownFileType = sourcecode.c.h; path = SKKWindowSelector.h; sourceTree = "<group>"; };
		1344F4F42C5B28FC00D8C850 /* SKKWindowSelector.cpp */ = {isa = PBXFileReference; lastKnownFileType = sourcecode.cpp.cpp; path = SKKWindowSelector.cpp; sourceTree = "<group>"; };
		1344F4F62C5B28FC00D8C850 /* SKKInputContext.h */ = {isa = PBXFileReference; lastKnownFileType = sourcecode.c.h; path = SKKInputContext.h; sourceTree = "<group>"; };
		1344F4F72C5B28FC00D8C850 /* SKKInputEnvironment.h */ = {isa = PBXFileReference; lastKnownFileType = sourcecode.c.h; path = SKKInputEnvironment.h; sourceTree = "<group>"; };
		1344F4F82C5B28FC00D8C850 /* SKKInputEnvironment.cpp */ = {isa = PBXFileReference; lastKnownFileType = sourcecode.cpp.cpp; path = SKKInputEnvironment.cpp; sourceTree = "<group>"; };
		1344F4F92C5B28FC00D8C850 /* SKKInputMode.h */ = {isa = PBXFileReference; lastKnownFileType = sourcecode.c.h; path = SKKInputMode.h; sourceTree = "<group>"; };
		1344F4FA2C5B28FC00D8C850 /* SKKInputModeSelector.h */ = {isa = PBXFileReference; lastKnownFileType = sourcecode.c.h; path = SKKInputModeSelector.h; sourceTree = "<group>"; };
		1344F4FB2C5B28FC00D8C850 /* SKKInputModeSelector.cpp */ = {isa = PBXFileReference; lastKnownFileType = sourcecode.cpp.cpp; path = SKKInputModeSelector.cpp; sourceTree = "<group>"; };
		1344F4FC2C5B28FC00D8C850 /* SKKInputSession.h */ = {isa = PBXFileReference; lastKnownFileType = sourcecode.c.h; path = SKKInputSession.h; sourceTree = "<group>"; };
		1344F4FD2C5B28FC00D8C850 /* SKKInputSession.cpp */ = {isa = PBXFileReference; lastKnownFileType = sourcecode.cpp.cpp; path = SKKInputSession.cpp; sourceTree = "<group>"; };
		1344F4FE2C5B28FC00D8C850 /* SKKOutputBuffer.h */ = {isa = PBXFileReference; lastKnownFileType = sourcecode.c.h; path = SKKOutputBuffer.h; sourceTree = "<group>"; };
		1344F4FF2C5B28FC00D8C850 /* SKKOutputBuffer.cpp */ = {isa = PBXFileReference; lastKnownFileType = sourcecode.cpp.cpp; path = SKKOutputBuffer.cpp; sourceTree = "<group>"; };
		1344F5002C5B28FC00D8C850 /* SKKRecursiveEditor.h */ = {isa = PBXFileReference; lastKnownFileType = sourcecode.c.h; path = SKKRecursiveEditor.h; sourceTree = "<group>"; };
		1344F5012C5B28FC00D8C850 /* SKKRecursiveEditor.cpp */ = {isa = PBXFileReference; lastKnownFileType = sourcecode.cpp.cpp; path = SKKRecursiveEditor.cpp; sourceTree = "<group>"; };
		1344F5022C5B28FC00D8C850 /* SKKRegistration.h */ = {isa = PBXFileReference; lastKnownFileType = sourcecode.c.h; path = SKKRegistration.h; sourceTree = "<group>"; };
		1344F5032C5B28FC00D8C850 /* SKKUndoContext.h */ = {isa = PBXFileReference; lastKnownFileType = sourcecode.c.h; path = SKKUndoContext.h; sourceTree = "<group>"; };
		1344F5042C5B28FC00D8C850 /* SKKUndoContext.cpp */ = {isa = PBXFileReference; lastKnownFileType = sourcecode.cpp.cpp; path = SKKUndoContext.cpp; sourceTree = "<group>"; };
		1344F5062C5B28FC00D8C850 /* skkserv.h */ = {isa = PBXFileReference; lastKnownFileType = sourcecode.c.h; path = skkserv.h; sourceTree = "<group>"; };
		1344F5072C5B28FC00D8C850 /* skkserv.cpp */ = {isa = PBXFileReference; lastKnownFileType = sourcecode.cpp.cpp; path = skkserv.cpp; sourceTree = "<group>"; };
		1344F5092C5B28FC00D8C850 /* GenericStateMachine.h */ = {isa = PBXFileReference; lastKnownFileType = sourcecode.c.h; path = GenericStateMachine.h; sourceTree = "<group>"; };
		1344F50A2C5B28FC00D8C850 /* SKKEvent.h */ = {isa = PBXFileReference; lastKnownFileType = sourcecode.c.h; path = SKKEvent.h; sourceTree = "<group>"; };
		1344F50B2C5B28FC00D8C850 /* SKKState.h */ = {isa = PBXFileReference; lastKnownFileType = sourcecode.c.h; path = SKKState.h; sourceTree = "<group>"; };
		1344F50C2C5B28FC00D8C850 /* SKKState.cpp */ = {isa = PBXFileReference; lastKnownFileType = sourcecode.cpp.cpp; path = SKKState.cpp; sourceTree = "<group>"; };
		1344F50D2C5B28FC00D8C850 /* SKKStateComposing-inl.h */ = {isa = PBXFileReference; lastKnownFileType = sourcecode.c.h; path = "SKKStateComposing-inl.h"; sourceTree = "<group>"; };
		1344F50E2C5B28FC00D8C850 /* SKKStateEntryRemove-inl.h */ = {isa = PBXFileReference; lastKnownFileType = sourcecode.c.h; path = "SKKStateEntryRemove-inl.h"; sourceTree = "<group>"; };
		1344F50F2C5B28FC00D8C850 /* SKKStateMachine.h */ = {isa = PBXFileReference; lastKnownFileType = sourcecode.c.h; path = SKKStateMachine.h; sourceTree = "<group>"; };
		1344F5102C5B28FC00D8C850 /* SKKStatePrimary-inl.h */ = {isa = PBXFileReference; lastKnownFileType = sourcecode.c.h; path = "SKKStatePrimary-inl.h"; sourceTree = "<group>"; };
		1344F5112C5B28FC00D8C850 /* SKKStateRecursiveRegister-inl.h */ = {isa = PBXFileReference; lastKnownFileType = sourcecode.c.h; path = "SKKStateRecursiveRegister-inl.h"; sourceTree = "<group>"; };
		1344F5132C5B28FC00D8C850 /* calculator_TEST.mm */ = {isa = PBXFileReference; lastKnownFileType = sourcecode.cpp.objcpp; path = calculator_TEST.mm; sourceTree = "<group>"; };
		1344F5142C5B28FC00D8C850 /* dict.file */ = {isa = PBXFileReference; lastKnownFileType = text; path = dict.file; sourceTree = "<group>"; };
		1344F5152C5B28FC00D8C850 /* kana-rule.conf */ = {isa = PBXFileReference; lastKnownFileType = text; path = "kana-rule.conf"; sourceTree = "<group>"; };
		1344F5162C5B28FC00D8C850 /* keymap.conf */ = {isa = PBXFileReference; lastKnownFileType = text; path = keymap.conf; sourceTree = "<group>"; };
		1344F5172C5B28FC00D8C850 /* keymap_patch.conf */ = {isa = PBXFileReference; lastKnownFileType = text; path = keymap_patch.conf; sourceTree = "<group>"; };
		1344F5192C5B28FC00D8C850 /* MockAnnotator.h */ = {isa = PBXFileReference; lastKnownFileType = sourcecode.c.h; path = MockAnnotator.h; sourceTree = "<group>"; };
		1344F51A2C5B28FC00D8C850 /* MockCandidateWindow.h */ = {isa = PBXFileReference; lastKnownFileType = sourcecode.c.h; path = MockCandidateWindow.h; sourceTree = "<group>"; };
		1344F51B2C5B28FC00D8C850 /* MockClipboard.h */ = {isa = PBXFileReference; lastKnownFileType = sourcecode.c.h; path = MockClipboard.h; sourceTree = "<group>"; };
		1344F51C2C5B28FC00D8C850 /* MockCompletionHelper.h */ = {isa = PBXFileReference; lastKnownFileType = sourcecode.c.h; path = MockCompletionHelper.h; sourceTree = "<group>"; };
		1344F51D2C5B28FC00D8C850 /* MockConfig.h */ = {isa = PBXFileReference; lastKnownFileType = sourcecode.c.h; path = MockConfig.h; sourceTree = "<group>"; };
		1344F51E2C5B28FC00D8C850 /* MockDynamicCompletor.h */ = {isa = PBXFileReference; lastKnownFileType = sourcecode.c.h; path = MockDynamicCompletor.h; sourceTree = "<group>"; };
		1344F51F2C5B28FC00D8C850 /* MockFrontEnd.h */ = {isa = PBXFileReference; lastKnownFileType = sourcecode.c.h; path = MockFrontEnd.h; sourceTree = "<group>"; };
		1344F5202C5B28FC00D8C850 /* MockInputSessionParameter.h */ = {isa = PBXFileReference; lastKnownFileType = sourcecode.c.h; path = MockInputSessionParameter.h; sourceTree = "<group>"; };
		1344F5212C5B28FC00D8C850 /* MockMessenger.h */ = {isa = PBXFileReference; lastKnownFileType = sourcecode.c.h; path = MockMessenger.h; sourceTree = "<group>"; };
		1344F5222C5B28FC00D8C850 /* MockRegistrationObserver.h */ = {isa = PBXFileReference; lastKnownFileType = sourcecode.c.h; path = MockRegistrationObserver.h; sourceTree = "<group>"; };
		1344F5232C5B28FC00D8C850 /* period.rule */ = {isa = PBXFileReference; lastKnownFileType = text; path = period.rule; sourceTree = "<group>"; };
		1344F5242C5B28FC00D8C850 /* pthreadutil_TEST.mm */ = {isa = PBXFileReference; lastKnownFileType = sourcecode.cpp.objcpp; path = pthreadutil_TEST.mm; sourceTree = "<group>"; };
		1344F5252C5B28FC00D8C850 /* skk.jisyo */ = {isa = PBXFileReference; lastKnownFileType = text; path = skk.jisyo; sourceTree = "<group>"; };
		1344F5262C5B28FC00D8C850 /* skk-jisyo.utf8 */ = {isa = PBXFileReference; lastKnownFileType = text; path = "skk-jisyo.utf8"; sourceTree = "<group>"; };
		1344F5272C5B28FC00D8C850 /* SKK-JISYO.S1 */ = {isa = PBXFileReference; lastKnownFileType = text; path = "SKK-JISYO.S1"; sourceTree = "<group>"; };
		1344F5282C5B28FC00D8C850 /* SKK-JISYO.S2 */ = {isa = PBXFileReference; lastKnownFileType = text; path = "SKK-JISYO.S2"; sourceTree = "<group>"; };
		1344F5292C5B28FC00D8C850 /* SKK-JISYO.TEST */ = {isa = PBXFileReference; lastKnownFileType = text; path = "SKK-JISYO.TEST"; sourceTree = "<group>"; };
		1344F52A2C5B28FC00D8C850 /* SKK-JISYO.TEST.UTF8 */ = {isa = PBXFileReference; lastKnownFileType = text; path = "SKK-JISYO.TEST.UTF8"; sourceTree = "<group>"; };
		1344F52B2C5B28FC00D8C850 /* SKKAutoUpdateDictionary_TEST.mm */ = {isa = PBXFileReference; lastKnownFileType = sourcecode.cpp.objcpp; path = SKKAutoUpdateDictionary_TEST.mm; sourceTree = "<group>"; };
		1344F52C2C5B28FC00D8C850 /* SKKBackEnd_TEST.mm */ = {isa = PBXFileReference; lastKnownFileType = sourcecode.cpp.objcpp; path = SKKBackEnd_TEST.mm; sourceTree = "<group>"; };
		1344F52D2C5B28FC00D8C850 /* SKKCandidate_TEST.mm */ = {isa = PBXFileReference; lastKnownFileType = sourcecode.cpp.objcpp; path = SKKCandidate_TEST.mm; sourceTree = "<group>"; };
		1344F52E2C5B28FC00D8C850 /* SKKCandidateParser_TEST.mm */ = {isa = PBXFileReference; lastKnownFileType = sourcecode.cpp.objcpp; path = SKKCandidateParser_TEST.mm; sourceTree = "<group>"; };
		1344F52F2C5B28FC00D8C850 /* SKKCandidateSuite_TEST.mm */ = {isa = PBXFileReference; lastKnownFileType = sourcecode.cpp.objcpp; path = SKKCandidateSuite_TEST.mm; sourceTree = "<group>"; };
		1344F5302C5B28FC00D8C850 /* SKKCommonDictionary_TEST.mm */ = {isa = PBXFileReference; lastKnownFileType = sourcecode.cpp.objcpp; path = SKKCommonDictionary_TEST.mm; sourceTree = "<group>"; };
		1344F5312C5B28FC00D8C850 /* SKKCompleter_TEST.mm */ = {isa = PBXFileReference; lastKnownFileType = sourcecode.cpp.objcpp; path = SKKCompleter_TEST.mm; sourceTree = "<group>"; };
		1344F5322C5B28FC00D8C850 /* SKKDictionaryFactory_TEST.mm */ = {isa = PBXFileReference; lastKnownFileType = sourcecode.cpp.objcpp; path = SKKDictionaryFactory_TEST.mm; sourceTree = "<group>"; };
		1344F5332C5B28FC00D8C850 /* SKKDictionaryFile_TEST.mm */ = {isa = PBXFileReference; lastKnownFileType = sourcecode.cpp.objcpp; path = SKKDictionaryFile_TEST.mm; sourceTree = "<group>"; };
		1344F5342C5B28FC00D8C850 /* SKKDictionaryKeeper_TEST.mm */ = {isa = PBXFileReference; lastKnownFileType = sourcecode.cpp.objcpp; path = SKKDictionaryKeeper_TEST.mm; sourceTree = "<group>"; };
		1344F5352C5B28FC00D8C850 /* SKKDictionaryLoader_TEST.mm */ = {isa = PBXFileReference; lastKnownFileType = sourcecode.cpp.objcpp; path = SKKDictionaryLoader_TEST.mm; sourceTree = "<group>"; };
		1344F5362C5B28FC00D8C850 /* SKKDistributedUserDictionary_TEST.mm */ = {isa = PBXFileReference; lastKnownFileType = sourcecode.cpp.objcpp; path = SKKDistributedUserDictionary_TEST.mm; sourceTree = "<group>"; };
		1344F5372C5B28FC00D8C850 /* SKKGadgetDictionary_TEST.mm */ = {isa = PBXFileReference; lastKnownFileType = sourcecode.cpp.objcpp; path = SKKGadgetDictionary_TEST.mm; sourceTree = "<group>"; };
		1344F5382C5B28FC00D8C850 /* SKKInlineSelector_TEST.mm */ = {isa = PBXFileReference; lastKnownFileType = sourcecode.cpp.objcpp; path = SKKInlineSelector_TEST.mm; sourceTree = "<group>"; };
		1344F5392C5B28FC00D8C850 /* SKKInputQueue_TEST.mm */ = {isa = PBXFileReference; lastKnownFileType = sourcecode.cpp.objcpp; path = SKKInputQueue_TEST.mm; sourceTree = "<group>"; };
		1344F53A2C5B28FC00D8C850 /* SKKInputSession_TEST.mm */ = {isa = PBXFileReference; lastKnownFileType = sourcecode.cpp.objcpp; path = SKKInputSession_TEST.mm; sourceTree = "<group>"; };
		1344F53B2C5B28FC00D8C850 /* SKKKeymap_TEST.mm */ = {isa = PBXFileReference; lastKnownFileType = sourcecode.cpp.objcpp; path = SKKKeymap_TEST.mm; sourceTree = "<group>"; };
		1344F53C2C5B28FC00D8C850 /* SKKKeymapEntry_TEST.mm */ = {isa = PBXFileReference; lastKnownFileType = sourcecode.cpp.objcpp; path = SKKKeymapEntry_TEST.mm; sourceTree = "<group>"; };
		1344F53D2C5B28FC00D8C850 /* SKKNumericConverter_TEST.mm */ = {isa = PBXFileReference; lastKnownFileType = sourcecode.cpp.objcpp; path = SKKNumericConverter_TEST.mm; sourceTree = "<group>"; };
		1344F53E2C5B28FC00D8C850 /* SKKProxyDictionary_TEST.mm */ = {isa = PBXFileReference; lastKnownFileType = sourcecode.cpp.objcpp; path = SKKProxyDictionary_TEST.mm; sourceTree = "<group>"; };
		1344F53F2C5B28FC00D8C850 /* SKKRomanKanaConverter_TEST.mm */ = {isa = PBXFileReference; lastKnownFileType = sourcecode.cpp.objcpp; path = SKKRomanKanaConverter_TEST.mm; sourceTree = "<group>"; };
		1344F5402C5B28FC00D8C850 /* SKKSelector_TEST.mm */ = {isa = PBXFileReference; lastKnownFileType = sourcecode.cpp.objcpp; path = SKKSelector_TEST.mm; sourceTree = "<group>"; };
		1344F5412C5B28FC00D8C850 /* SKKTrie_TEST.mm */ = {isa = PBXFileReference; lastKnownFileType = sourcecode.cpp.objcpp; path = SKKTrie_TEST.mm; sourceTree = "<group>"; };
		1344F5422C5B28FC00D8C850 /* SKKUserDictionary_TEST.mm */ = {isa = PBXFileReference; lastKnownFileType = sourcecode.cpp.objcpp; path = SKKUserDictionary_TEST.mm; sourceTree = "<group>"; };
		1344F5432C5B28FC00D8C850 /* SKKWindowSelector_TEST.mm */ = {isa = PBXFileReference; lastKnownFileType = sourcecode.cpp.objcpp; path = SKKWindowSelector_TEST.mm; sourceTree = "<group>"; };
		1344F5442C5B28FC00D8C850 /* socketutil_TEST.mm */ = {isa = PBXFileReference; lastKnownFileType = sourcecode.cpp.objcpp; path = socketutil_TEST.mm; sourceTree = "<group>"; };
		1344F5452C5B28FC00D8C850 /* stringutil_TEST.mm */ = {isa = PBXFileReference; lastKnownFileType = sourcecode.cpp.objcpp; path = stringutil_TEST.mm; sourceTree = "<group>"; };
		1344F5462C5B28FC00D8C850 /* test.dat */ = {isa = PBXFileReference; lastKnownFileType = text; path = test.dat; sourceTree = "<group>"; };
		1344F5472C5B28FC00D8C850 /* TestData.h */ = {isa = PBXFileReference; lastKnownFileType = sourcecode.c.h; path = TestData.h; sourceTree = "<group>"; };
		1344F5482C5B28FC00D8C850 /* TestEvent.h */ = {isa = PBXFileReference; lastKnownFileType = sourcecode.c.h; path = TestEvent.h; sourceTree = "<group>"; };
		1344F5492C5B28FC00D8C850 /* TestResult.h */ = {isa = PBXFileReference; lastKnownFileType = sourcecode.c.h; path = TestResult.h; sourceTree = "<group>"; };
		1344F54A2C5B28FC00D8C850 /* utf8util_TEST.mm */ = {isa = PBXFileReference; lastKnownFileType = sourcecode.cpp.objcpp; path = utf8util_TEST.mm; sourceTree = "<group>"; };
		1344F54C2C5B28FC00D8C850 /* SKKRomanKanaConverter.h */ = {isa = PBXFileReference; lastKnownFileType = sourcecode.c.h; path = SKKRomanKanaConverter.h; sourceTree = "<group>"; };
		1344F54D2C5B28FC00D8C850 /* SKKRomanKanaConverter.cpp */ = {isa = PBXFileReference; lastKnownFileType = sourcecode.cpp.cpp; path = SKKRomanKanaConverter.cpp; sourceTree = "<group>"; };
		1344F54E2C5B28FC00D8C850 /* SKKTrie.h */ = {isa = PBXFileReference; lastKnownFileType = sourcecode.c.h; path = SKKTrie.h; sourceTree = "<group>"; };
		1344F54F2C5B28FC00D8C850 /* SKKTrie.cpp */ = {isa = PBXFileReference; lastKnownFileType = sourcecode.cpp.cpp; path = SKKTrie.cpp; sourceTree = "<group>"; };
		1344F5512C5B28FC00D8C850 /* calculator.h */ = {isa = PBXFileReference; lastKnownFileType = sourcecode.c.h; path = calculator.h; sourceTree = "<group>"; };
		1344F5522C5B28FC00D8C850 /* jconv.h */ = {isa = PBXFileReference; lastKnownFileType = sourcecode.c.h; path = jconv.h; sourceTree = "<group>"; };
		1344F5532C5B28FC00D8C850 /* jconv.cpp */ = {isa = PBXFileReference; lastKnownFileType = sourcecode.cpp.cpp; path = jconv.cpp; sourceTree = "<group>"; };
		1344F5542C5B28FC00D8C850 /* jconv_body-inl.h */ = {isa = PBXFileReference; lastKnownFileType = sourcecode.c.h; path = "jconv_body-inl.h"; sourceTree = "<group>"; };
		1344F5552C5B28FC00D8C850 /* jconv_eucj2ucs-inl.h */ = {isa = PBXFileReference; lastKnownFileType = sourcecode.c.h; path = "jconv_eucj2ucs-inl.h"; sourceTree = "<group>"; };
		1344F5562C5B28FC00D8C850 /* jconv_ucs2eucj-inl.h */ = {isa = PBXFileReference; lastKnownFileType = sourcecode.c.h; path = "jconv_ucs2eucj-inl.h"; sourceTree = "<group>"; };
		1344F5572C5B28FC00D8C850 /* pthreadutil.h */ = {isa = PBXFileReference; lastKnownFileType = sourcecode.c.h; path = pthreadutil.h; sourceTree = "<group>"; };
		1344F5582C5B28FC00D8C850 /* socketutil.h */ = {isa = PBXFileReference; lastKnownFileType = sourcecode.c.h; path = socketutil.h; sourceTree = "<group>"; };
		1344F5592C5B28FC00D8C850 /* stringutil.h */ = {isa = PBXFileReference; lastKnownFileType = sourcecode.c.h; path = stringutil.h; sourceTree = "<group>"; };
		1344F55A2C5B28FC00D8C850 /* subrange.h */ = {isa = PBXFileReference; lastKnownFileType = sourcecode.c.h; path = subrange.h; sourceTree = "<group>"; };
		1344F55B2C5B28FC00D8C850 /* utf8util.h */ = {isa = PBXFileReference; lastKnownFileType = sourcecode.c.h; path = utf8util.h; sourceTree = "<group>"; };
		1344F6152C5B2C9500D8C850 /* EngineTests.xctest */ = {isa = PBXFileReference; explicitFileType = wrapper.cfbundle; includeInIndex = 0; path = EngineTests.xctest; sourceTree = BUILT_PRODUCTS_DIR; };
		1344F61F2C5B2C9C00D8C850 /* EngineTests.m */ = {isa = PBXFileReference; lastKnownFileType = sourcecode.c.objc; path = EngineTests.m; sourceTree = "<group>"; };
		13D7560B2C5A9043006144F2 /* AquaSKKEngine.framework */ = {isa = PBXFileReference; explicitFileType = wrapper.framework; includeInIndex = 0; path = AquaSKKEngine.framework; sourceTree = BUILT_PRODUCTS_DIR; };
		13D756162C5A9049006144F2 /* AquaSKKEngine.h */ = {isa = PBXFileReference; lastKnownFileType = sourcecode.c.h; path = AquaSKKEngine.h; sourceTree = "<group>"; };
		13D756172C5A9049006144F2 /* AquaSKKEngine.docc */ = {isa = PBXFileReference; lastKnownFileType = folder.documentationcatalog; path = AquaSKKEngine.docc; sourceTree = "<group>"; };
		13D7561B2C5A905E006144F2 /* AquaSKK.xcconfig */ = {isa = PBXFileReference; lastKnownFileType = text.xcconfig; path = AquaSKK.xcconfig; sourceTree = "<group>"; };
		13D7561C2C5A9113006144F2 /* Debug.xcconfig */ = {isa = PBXFileReference; lastKnownFileType = text.xcconfig; path = Debug.xcconfig; sourceTree = "<group>"; };
/* End PBXFileReference section */

/* Begin PBXFrameworksBuildPhase section */
		1344F4862C5A92CE00D8C850 /* Frameworks */ = {
			isa = PBXFrameworksBuildPhase;
			buildActionMask = 2147483647;
			files = (
				1344F48D2C5A92CE00D8C850 /* AquaSKKEngine.framework in Frameworks */,
			);
			runOnlyForDeploymentPostprocessing = 0;
		};
		1344F6122C5B2C9500D8C850 /* Frameworks */ = {
			isa = PBXFrameworksBuildPhase;
			buildActionMask = 2147483647;
			files = (
				1344F6192C5B2C9500D8C850 /* AquaSKKEngine.framework in Frameworks */,
			);
			runOnlyForDeploymentPostprocessing = 0;
		};
		13D756082C5A9043006144F2 /* Frameworks */ = {
			isa = PBXFrameworksBuildPhase;
			buildActionMask = 2147483647;
			files = (
			);
			runOnlyForDeploymentPostprocessing = 0;
		};
/* End PBXFrameworksBuildPhase section */

/* Begin PBXGroup section */
		1344F4942C5A92D300D8C850 /* AquaSKKEngineTests */ = {
			isa = PBXGroup;
			children = (
				1344F4932C5A92D300D8C850 /* AquaSKKEngineTests.swift */,
			);
			path = AquaSKKEngineTests;
			sourceTree = "<group>";
		};
		1344F4972C5B27DB00D8C850 /* Config */ = {
			isa = PBXGroup;
			children = (
				13D7561B2C5A905E006144F2 /* AquaSKK.xcconfig */,
				13D7561C2C5A9113006144F2 /* Debug.xcconfig */,
			);
			path = Config;
			sourceTree = "<group>";
		};
		1344F4992C5B282200D8C850 /* Tests */ = {
			isa = PBXGroup;
			children = (
				1344F4962C5B27CF00D8C850 /* All.xctestplan */,
				1344F4942C5A92D300D8C850 /* AquaSKKEngineTests */,
				1344F6202C5B2C9C00D8C850 /* EngineTests */,
				1344F54B2C5B28FC00D8C850 /* tests */,
			);
			path = Tests;
			sourceTree = "<group>";
		};
		1344F49B2C5B284C00D8C850 /* Sources */ = {
			isa = PBXGroup;
			children = (
				13D756182C5A9049006144F2 /* AquaSKKEngine */,
			);
			path = Sources;
			sourceTree = "<group>";
		};
		1344F4A62C5B28FC00D8C850 /* bridge */ = {
			isa = PBXGroup;
			children = (
				1344F49C2C5B28FC00D8C850 /* SKKAnnotator.h */,
				1344F49D2C5B28FC00D8C850 /* SKKCandidateWindow.h */,
				1344F49E2C5B28FC00D8C850 /* SKKClipboard.h */,
				1344F49F2C5B28FC00D8C850 /* SKKConfig.h */,
				1344F4A02C5B28FC00D8C850 /* SKKDynamicCompletor.h */,
				1344F4A12C5B28FC00D8C850 /* SKKFrontEnd.h */,
				1344F4A22C5B28FC00D8C850 /* SKKInputModeListener.h */,
				1344F4A32C5B28FC00D8C850 /* SKKInputSessionParameter.h */,
				1344F4A42C5B28FC00D8C850 /* SKKMessenger.h */,
				1344F4A52C5B28FC00D8C850 /* SKKWidget.h */,
			);
			path = bridge;
			sourceTree = "<group>";
		};
		1344F4B12C5B28FC00D8C850 /* backend */ = {
			isa = PBXGroup;
			children = (
				1344F4A72C5B28FC00D8C850 /* SKKBackEnd.h */,
				1344F4A82C5B28FC00D8C850 /* SKKBackEnd.cpp */,
				1344F4A92C5B28FC00D8C850 /* SKKCandidateFilter.h */,
				1344F4AA2C5B28FC00D8C850 /* SKKDictionaryCache.h */,
				1344F4AB2C5B28FC00D8C850 /* SKKDictionaryCache.cpp */,
				1344F4AC2C5B28FC00D8C850 /* SKKDictionaryFactory.h */,
				1344F4AD2C5B28FC00D8C850 /* SKKDictionaryFactory.cpp */,
				1344F4AE2C5B28FC00D8C850 /* SKKDictionaryKey.h */,
				1344F4AF2C5B28FC00D8C850 /* SKKNumericConverter.h */,
				1344F4B02C5B28FC00D8C850 /* SKKNumericConverter.cpp */,
			);
			path = backend;
			sourceTree = "<group>";
		};
		1344F4B42C5B28FC00D8C850 /* completer */ = {
			isa = PBXGroup;
			children = (
				1344F4B22C5B28FC00D8C850 /* SKKCompleter.h */,
				1344F4B32C5B28FC00D8C850 /* SKKCompleter.cpp */,
			);
			path = completer;
			sourceTree = "<group>";
		};
		1344F4CB2C5B28FC00D8C850 /* dictionary */ = {
			isa = PBXGroup;
			children = (
				1344F4B52C5B28FC00D8C850 /* SKKAutoUpdateDictionary.h */,
				1344F4B62C5B28FC00D8C850 /* SKKBaseDictionary.h */,
				1344F4B72C5B28FC00D8C850 /* SKKCommonDictionary.h */,
				1344F4B82C5B28FC00D8C850 /* SKKCompletionHelper.h */,
				1344F4B92C5B28FC00D8C850 /* SKKDictionaryFile.h */,
				1344F4BA2C5B28FC00D8C850 /* SKKDictionaryFile.cpp */,
				1344F4BB2C5B28FC00D8C850 /* SKKDictionaryKeeper.h */,
				1344F4BC2C5B28FC00D8C850 /* SKKDictionaryKeeper.cpp */,
				1344F4BD2C5B28FC00D8C850 /* SKKDictionaryLoader.h */,
				1344F4BE2C5B28FC00D8C850 /* SKKDictionaryTemplate.h */,
				1344F4BF2C5B28FC00D8C850 /* SKKDistributedUserDictionary.h */,
				1344F4C02C5B28FC00D8C850 /* SKKDistributedUserDictionary.cpp */,
				1344F4C12C5B28FC00D8C850 /* SKKGadgetDictionary.h */,
				1344F4C22C5B28FC00D8C850 /* SKKGadgetDictionary.cpp */,
				1344F4C32C5B28FC00D8C850 /* SKKHttpDictionaryLoader.h */,
				1344F4C42C5B28FC00D8C850 /* SKKHttpDictionaryLoader.cpp */,
				1344F4C52C5B28FC00D8C850 /* SKKLocalDictionaryLoader.h */,
				1344F4C62C5B28FC00D8C850 /* SKKLocalUserDictionary.h */,
				1344F4C72C5B28FC00D8C850 /* SKKLocalUserDictionary.cpp */,
				1344F4C82C5B28FC00D8C850 /* SKKProxyDictionary.h */,
				1344F4C92C5B28FC00D8C850 /* SKKProxyDictionary.cpp */,
				1344F4CA2C5B28FC00D8C850 /* SKKUserDictionary.h */,
			);
			path = dictionary;
			sourceTree = "<group>";
		};
		1344F4DF2C5B28FC00D8C850 /* editor */ = {
			isa = PBXGroup;
			children = (
				1344F4CC2C5B28FC00D8C850 /* SKKBaseEditor.h */,
				1344F4CD2C5B28FC00D8C850 /* SKKCandidateEditor.h */,
				1344F4CE2C5B28FC00D8C850 /* SKKCandidateEditor.cpp */,
				1344F4CF2C5B28FC00D8C850 /* SKKComposingEditor.h */,
				1344F4D02C5B28FC00D8C850 /* SKKComposingEditor.cpp */,
				1344F4D12C5B28FC00D8C850 /* SKKEntryRemoveEditor.h */,
				1344F4D22C5B28FC00D8C850 /* SKKEntryRemoveEditor.cpp */,
				1344F4D32C5B28FC00D8C850 /* SKKInputEngine.h */,
				1344F4D42C5B28FC00D8C850 /* SKKInputEngine.cpp */,
				1344F4D52C5B28FC00D8C850 /* SKKInputQueue.h */,
				1344F4D62C5B28FC00D8C850 /* SKKInputQueue.cpp */,
				1344F4D72C5B28FC00D8C850 /* SKKOkuriEditor.h */,
				1344F4D82C5B28FC00D8C850 /* SKKOkuriEditor.cpp */,
				1344F4D92C5B28FC00D8C850 /* SKKPrimaryEditor.h */,
				1344F4DA2C5B28FC00D8C850 /* SKKPrimaryEditor.cpp */,
				1344F4DB2C5B28FC00D8C850 /* SKKRegisterEditor.h */,
				1344F4DC2C5B28FC00D8C850 /* SKKRegisterEditor.cpp */,
				1344F4DD2C5B28FC00D8C850 /* SKKTextBuffer.h */,
				1344F4DE2C5B28FC00D8C850 /* SKKTextBuffer.cpp */,
			);
			path = editor;
			sourceTree = "<group>";
		};
		1344F4E72C5B28FC00D8C850 /* entry */ = {
			isa = PBXGroup;
			children = (
				1344F4E02C5B28FC00D8C850 /* SKKCandidate.h */,
				1344F4E12C5B28FC00D8C850 /* SKKCandidate.cpp */,
				1344F4E22C5B28FC00D8C850 /* SKKCandidateParser.h */,
				1344F4E32C5B28FC00D8C850 /* SKKCandidateSuite.h */,
				1344F4E42C5B28FC00D8C850 /* SKKEntry.h */,
				1344F4E52C5B28FC00D8C850 /* SKKEntry.cpp */,
				1344F4E62C5B28FC00D8C850 /* SKKOkuriHint.h */,
			);
			path = entry;
			sourceTree = "<group>";
		};
		1344F4ED2C5B28FC00D8C850 /* keymap */ = {
			isa = PBXGroup;
			children = (
				1344F4E82C5B28FC00D8C850 /* SKKKeymap.h */,
				1344F4E92C5B28FC00D8C850 /* SKKKeymap.cpp */,
				1344F4EA2C5B28FC00D8C850 /* SKKKeymapEntry.h */,
				1344F4EB2C5B28FC00D8C850 /* SKKKeymapEntry.cpp */,
				1344F4EC2C5B28FC00D8C850 /* SKKKeyState.h */,
			);
			path = keymap;
			sourceTree = "<group>";
		};
		1344F4F52C5B28FC00D8C850 /* selector */ = {
			isa = PBXGroup;
			children = (
				1344F4EE2C5B28FC00D8C850 /* SKKBaseSelector.h */,
				1344F4EF2C5B28FC00D8C850 /* SKKInlineSelector.h */,
				1344F4F02C5B28FC00D8C850 /* SKKInlineSelector.cpp */,
				1344F4F12C5B28FC00D8C850 /* SKKSelector.h */,
				1344F4F22C5B28FC00D8C850 /* SKKSelector.cpp */,
				1344F4F32C5B28FC00D8C850 /* SKKWindowSelector.h */,
				1344F4F42C5B28FC00D8C850 /* SKKWindowSelector.cpp */,
			);
			path = selector;
			sourceTree = "<group>";
		};
		1344F5052C5B28FC00D8C850 /* session */ = {
			isa = PBXGroup;
			children = (
				1344F4F62C5B28FC00D8C850 /* SKKInputContext.h */,
				1344F4F72C5B28FC00D8C850 /* SKKInputEnvironment.h */,
				1344F4F82C5B28FC00D8C850 /* SKKInputEnvironment.cpp */,
				1344F4F92C5B28FC00D8C850 /* SKKInputMode.h */,
				1344F4FA2C5B28FC00D8C850 /* SKKInputModeSelector.h */,
				1344F4FB2C5B28FC00D8C850 /* SKKInputModeSelector.cpp */,
				1344F4FC2C5B28FC00D8C850 /* SKKInputSession.h */,
				1344F4FD2C5B28FC00D8C850 /* SKKInputSession.cpp */,
				1344F4FE2C5B28FC00D8C850 /* SKKOutputBuffer.h */,
				1344F4FF2C5B28FC00D8C850 /* SKKOutputBuffer.cpp */,
				1344F5002C5B28FC00D8C850 /* SKKRecursiveEditor.h */,
				1344F5012C5B28FC00D8C850 /* SKKRecursiveEditor.cpp */,
				1344F5022C5B28FC00D8C850 /* SKKRegistration.h */,
				1344F5032C5B28FC00D8C850 /* SKKUndoContext.h */,
				1344F5042C5B28FC00D8C850 /* SKKUndoContext.cpp */,
			);
			path = session;
			sourceTree = "<group>";
		};
		1344F5082C5B28FC00D8C850 /* skkserv */ = {
			isa = PBXGroup;
			children = (
				1344F5062C5B28FC00D8C850 /* skkserv.h */,
				1344F5072C5B28FC00D8C850 /* skkserv.cpp */,
			);
			path = skkserv;
			sourceTree = "<group>";
		};
		1344F5122C5B28FC00D8C850 /* state */ = {
			isa = PBXGroup;
			children = (
				1344F5092C5B28FC00D8C850 /* GenericStateMachine.h */,
				1344F50A2C5B28FC00D8C850 /* SKKEvent.h */,
				1344F50B2C5B28FC00D8C850 /* SKKState.h */,
				1344F50C2C5B28FC00D8C850 /* SKKState.cpp */,
				1344F50D2C5B28FC00D8C850 /* SKKStateComposing-inl.h */,
				1344F50E2C5B28FC00D8C850 /* SKKStateEntryRemove-inl.h */,
				1344F50F2C5B28FC00D8C850 /* SKKStateMachine.h */,
				1344F5102C5B28FC00D8C850 /* SKKStatePrimary-inl.h */,
				1344F5112C5B28FC00D8C850 /* SKKStateRecursiveRegister-inl.h */,
			);
			path = state;
			sourceTree = "<group>";
		};
		1344F54B2C5B28FC00D8C850 /* tests */ = {
			isa = PBXGroup;
			children = (
			);
			path = tests;
			sourceTree = "<group>";
		};
		1344F5502C5B28FC00D8C850 /* trie */ = {
			isa = PBXGroup;
			children = (
				1344F54C2C5B28FC00D8C850 /* SKKRomanKanaConverter.h */,
				1344F54D2C5B28FC00D8C850 /* SKKRomanKanaConverter.cpp */,
				1344F54E2C5B28FC00D8C850 /* SKKTrie.h */,
				1344F54F2C5B28FC00D8C850 /* SKKTrie.cpp */,
			);
			path = trie;
			sourceTree = "<group>";
		};
		1344F55C2C5B28FC00D8C850 /* utility */ = {
			isa = PBXGroup;
			children = (
				1344F5512C5B28FC00D8C850 /* calculator.h */,
				1344F5522C5B28FC00D8C850 /* jconv.h */,
				1344F5532C5B28FC00D8C850 /* jconv.cpp */,
				1344F5542C5B28FC00D8C850 /* jconv_body-inl.h */,
				1344F5552C5B28FC00D8C850 /* jconv_eucj2ucs-inl.h */,
				1344F5562C5B28FC00D8C850 /* jconv_ucs2eucj-inl.h */,
				1344F5572C5B28FC00D8C850 /* pthreadutil.h */,
				1344F5582C5B28FC00D8C850 /* socketutil.h */,
				1344F5592C5B28FC00D8C850 /* stringutil.h */,
				1344F55A2C5B28FC00D8C850 /* subrange.h */,
				1344F55B2C5B28FC00D8C850 /* utf8util.h */,
			);
			path = utility;
			sourceTree = "<group>";
		};
		1344F55D2C5B28FC00D8C850 /* engine */ = {
			isa = PBXGroup;
			children = (
				1344F4B12C5B28FC00D8C850 /* backend */,
				1344F4B42C5B28FC00D8C850 /* completer */,
				1344F4CB2C5B28FC00D8C850 /* dictionary */,
				1344F4DF2C5B28FC00D8C850 /* editor */,
				1344F4E72C5B28FC00D8C850 /* entry */,
				1344F4ED2C5B28FC00D8C850 /* keymap */,
				1344F4F52C5B28FC00D8C850 /* selector */,
				1344F5052C5B28FC00D8C850 /* session */,
				1344F5082C5B28FC00D8C850 /* skkserv */,
				1344F5122C5B28FC00D8C850 /* state */,
				1344F5502C5B28FC00D8C850 /* trie */,
				1344F55C2C5B28FC00D8C850 /* utility */,
			);
			path = engine;
			sourceTree = "<group>";
		};
		1344F6202C5B2C9C00D8C850 /* EngineTests */ = {
			isa = PBXGroup;
			children = (
				13EDDCD12C5B319B0062A0DA /* Resources */,
				1344F61F2C5B2C9C00D8C850 /* EngineTests.m */,
				1344F5132C5B28FC00D8C850 /* calculator_TEST.mm */,
				1344F5192C5B28FC00D8C850 /* MockAnnotator.h */,
				1344F51A2C5B28FC00D8C850 /* MockCandidateWindow.h */,
				1344F51B2C5B28FC00D8C850 /* MockClipboard.h */,
				1344F51C2C5B28FC00D8C850 /* MockCompletionHelper.h */,
				1344F51D2C5B28FC00D8C850 /* MockConfig.h */,
				1344F51E2C5B28FC00D8C850 /* MockDynamicCompletor.h */,
				1344F51F2C5B28FC00D8C850 /* MockFrontEnd.h */,
				1344F5202C5B28FC00D8C850 /* MockInputSessionParameter.h */,
				1344F5212C5B28FC00D8C850 /* MockMessenger.h */,
				1344F5222C5B28FC00D8C850 /* MockRegistrationObserver.h */,
				1344F5242C5B28FC00D8C850 /* pthreadutil_TEST.mm */,
				1344F52B2C5B28FC00D8C850 /* SKKAutoUpdateDictionary_TEST.mm */,
				1344F52C2C5B28FC00D8C850 /* SKKBackEnd_TEST.mm */,
				1344F52D2C5B28FC00D8C850 /* SKKCandidate_TEST.mm */,
				1344F52E2C5B28FC00D8C850 /* SKKCandidateParser_TEST.mm */,
				1344F52F2C5B28FC00D8C850 /* SKKCandidateSuite_TEST.mm */,
				1344F5302C5B28FC00D8C850 /* SKKCommonDictionary_TEST.mm */,
				1344F5312C5B28FC00D8C850 /* SKKCompleter_TEST.mm */,
				1344F5322C5B28FC00D8C850 /* SKKDictionaryFactory_TEST.mm */,
				1344F5332C5B28FC00D8C850 /* SKKDictionaryFile_TEST.mm */,
				1344F5342C5B28FC00D8C850 /* SKKDictionaryKeeper_TEST.mm */,
				1344F5352C5B28FC00D8C850 /* SKKDictionaryLoader_TEST.mm */,
				1344F5362C5B28FC00D8C850 /* SKKDistributedUserDictionary_TEST.mm */,
				1344F5372C5B28FC00D8C850 /* SKKGadgetDictionary_TEST.mm */,
				1344F5382C5B28FC00D8C850 /* SKKInlineSelector_TEST.mm */,
				1344F5392C5B28FC00D8C850 /* SKKInputQueue_TEST.mm */,
				1344F53A2C5B28FC00D8C850 /* SKKInputSession_TEST.mm */,
				1344F53B2C5B28FC00D8C850 /* SKKKeymap_TEST.mm */,
				1344F53C2C5B28FC00D8C850 /* SKKKeymapEntry_TEST.mm */,
				1344F53D2C5B28FC00D8C850 /* SKKNumericConverter_TEST.mm */,
				1344F53E2C5B28FC00D8C850 /* SKKProxyDictionary_TEST.mm */,
				1344F53F2C5B28FC00D8C850 /* SKKRomanKanaConverter_TEST.mm */,
				1344F5402C5B28FC00D8C850 /* SKKSelector_TEST.mm */,
				1344F5412C5B28FC00D8C850 /* SKKTrie_TEST.mm */,
				1344F5422C5B28FC00D8C850 /* SKKUserDictionary_TEST.mm */,
				1344F5432C5B28FC00D8C850 /* SKKWindowSelector_TEST.mm */,
				1344F5442C5B28FC00D8C850 /* socketutil_TEST.mm */,
				1344F5452C5B28FC00D8C850 /* stringutil_TEST.mm */,
				1344F5472C5B28FC00D8C850 /* TestData.h */,
				1344F5482C5B28FC00D8C850 /* TestEvent.h */,
				1344F5492C5B28FC00D8C850 /* TestResult.h */,
				1344F54A2C5B28FC00D8C850 /* utf8util_TEST.mm */,
			);
			path = EngineTests;
			sourceTree = "<group>";
		};
		13D368102C5A81290083CAE3 = {
			isa = PBXGroup;
			children = (
				1344F4972C5B27DB00D8C850 /* Config */,
				13D7560C2C5A9043006144F2 /* Products */,
				1344F49B2C5B284C00D8C850 /* Sources */,
				1344F4992C5B282200D8C850 /* Tests */,
			);
			sourceTree = "<group>";
		};
		13D7560C2C5A9043006144F2 /* Products */ = {
			isa = PBXGroup;
			children = (
				13D7560B2C5A9043006144F2 /* AquaSKKEngine.framework */,
				1344F4892C5A92CE00D8C850 /* AquaSKKEngineTests.xctest */,
				1344F6152C5B2C9500D8C850 /* EngineTests.xctest */,
			);
			name = Products;
			sourceTree = "<group>";
		};
		13D756182C5A9049006144F2 /* AquaSKKEngine */ = {
			isa = PBXGroup;
			children = (
				13D756162C5A9049006144F2 /* AquaSKKEngine.h */,
				1344F4A62C5B28FC00D8C850 /* bridge */,
				1344F55D2C5B28FC00D8C850 /* engine */,
				13D756172C5A9049006144F2 /* AquaSKKEngine.docc */,
			);
			path = AquaSKKEngine;
			sourceTree = "<group>";
		};
		13EDDCD12C5B319B0062A0DA /* Resources */ = {
			isa = PBXGroup;
			children = (
				1344F5142C5B28FC00D8C850 /* dict.file */,
				1344F5152C5B28FC00D8C850 /* kana-rule.conf */,
				1344F5162C5B28FC00D8C850 /* keymap.conf */,
				1344F5172C5B28FC00D8C850 /* keymap_patch.conf */,
				1344F5232C5B28FC00D8C850 /* period.rule */,
				1344F5252C5B28FC00D8C850 /* skk.jisyo */,
				1344F5262C5B28FC00D8C850 /* skk-jisyo.utf8 */,
				1344F5272C5B28FC00D8C850 /* SKK-JISYO.S1 */,
				1344F5282C5B28FC00D8C850 /* SKK-JISYO.S2 */,
				1344F5292C5B28FC00D8C850 /* SKK-JISYO.TEST */,
				1344F52A2C5B28FC00D8C850 /* SKK-JISYO.TEST.UTF8 */,
				1344F5462C5B28FC00D8C850 /* test.dat */,
			);
			path = Resources;
			sourceTree = "<group>";
		};
/* End PBXGroup section */

/* Begin PBXHeadersBuildPhase section */
		13D756062C5A9043006144F2 /* Headers */ = {
			isa = PBXHeadersBuildPhase;
			buildActionMask = 2147483647;
			files = (
				1344F55E2C5B28FC00D8C850 /* SKKProxyDictionary.h in Headers */,
				1344F55F2C5B28FC00D8C850 /* SKKClipboard.h in Headers */,
				1344F5642C5B28FC00D8C850 /* SKKRegisterEditor.h in Headers */,
				1344F5652C5B28FC00D8C850 /* SKKComposingEditor.h in Headers */,
				1344F5672C5B28FC00D8C850 /* jconv_ucs2eucj-inl.h in Headers */,
				1344F5682C5B28FC00D8C850 /* SKKStateMachine.h in Headers */,
				1344F5692C5B28FC00D8C850 /* SKKPrimaryEditor.h in Headers */,
				1344F56A2C5B28FC00D8C850 /* SKKConfig.h in Headers */,
				1344F56B2C5B28FC00D8C850 /* SKKUserDictionary.h in Headers */,
				1344F56C2C5B28FC00D8C850 /* SKKDictionaryTemplate.h in Headers */,
				1344F56D2C5B28FC00D8C850 /* SKKTrie.h in Headers */,
				1344F56E2C5B28FC00D8C850 /* SKKInputQueue.h in Headers */,
				1344F56F2C5B28FC00D8C850 /* SKKOutputBuffer.h in Headers */,
				1344F5702C5B28FC00D8C850 /* subrange.h in Headers */,
				1344F5712C5B28FC00D8C850 /* SKKTextBuffer.h in Headers */,
				1344F5722C5B28FC00D8C850 /* SKKRomanKanaConverter.h in Headers */,
				1344F5732C5B28FC00D8C850 /* SKKRegistration.h in Headers */,
				1344F5752C5B28FC00D8C850 /* SKKFrontEnd.h in Headers */,
				1344F5762C5B28FC00D8C850 /* SKKAnnotator.h in Headers */,
				1344F5772C5B28FC00D8C850 /* SKKWindowSelector.h in Headers */,
				1344F5782C5B28FC00D8C850 /* SKKOkuriHint.h in Headers */,
				1344F5792C5B28FC00D8C850 /* calculator.h in Headers */,
				1344F57A2C5B28FC00D8C850 /* SKKLocalUserDictionary.h in Headers */,
				1344F57B2C5B28FC00D8C850 /* SKKCandidateSuite.h in Headers */,
				1344F57C2C5B28FC00D8C850 /* SKKDictionaryKeeper.h in Headers */,
				1344F57D2C5B28FC00D8C850 /* SKKBaseDictionary.h in Headers */,
				1344F57E2C5B28FC00D8C850 /* SKKInputModeSelector.h in Headers */,
				1344F57F2C5B28FC00D8C850 /* SKKInputSessionParameter.h in Headers */,
				1344F5802C5B28FC00D8C850 /* SKKInputContext.h in Headers */,
				1344F5812C5B28FC00D8C850 /* SKKOkuriEditor.h in Headers */,
				1344F5822C5B28FC00D8C850 /* SKKDictionaryLoader.h in Headers */,
				1344F5832C5B28FC00D8C850 /* SKKStateComposing-inl.h in Headers */,
				1344F5842C5B28FC00D8C850 /* SKKState.h in Headers */,
				1344F5852C5B28FC00D8C850 /* SKKDistributedUserDictionary.h in Headers */,
				1344F5862C5B28FC00D8C850 /* SKKStateRecursiveRegister-inl.h in Headers */,
				1344F5872C5B28FC00D8C850 /* SKKLocalDictionaryLoader.h in Headers */,
				1344F5892C5B28FC00D8C850 /* SKKCandidateEditor.h in Headers */,
				1344F58A2C5B28FC00D8C850 /* SKKNumericConverter.h in Headers */,
				1344F58B2C5B28FC00D8C850 /* SKKInputSession.h in Headers */,
				1344F58D2C5B28FC00D8C850 /* SKKStatePrimary-inl.h in Headers */,
				1344F58E2C5B28FC00D8C850 /* SKKCandidateParser.h in Headers */,
				1344F58F2C5B28FC00D8C850 /* SKKUndoContext.h in Headers */,
				1344F5902C5B28FC00D8C850 /* SKKMessenger.h in Headers */,
				1344F5912C5B28FC00D8C850 /* SKKDictionaryCache.h in Headers */,
				1344F5922C5B28FC00D8C850 /* SKKHttpDictionaryLoader.h in Headers */,
				1344F5932C5B28FC00D8C850 /* SKKInputModeListener.h in Headers */,
				1344F5942C5B28FC00D8C850 /* SKKCommonDictionary.h in Headers */,
				1344F5952C5B28FC00D8C850 /* socketutil.h in Headers */,
				1344F5962C5B28FC00D8C850 /* SKKStateEntryRemove-inl.h in Headers */,
				1344F5972C5B28FC00D8C850 /* SKKDynamicCompletor.h in Headers */,
				1344F5982C5B28FC00D8C850 /* jconv_eucj2ucs-inl.h in Headers */,
				1344F5992C5B28FC00D8C850 /* SKKBaseEditor.h in Headers */,
				1344F59A2C5B28FC00D8C850 /* pthreadutil.h in Headers */,
				1344F59B2C5B28FC00D8C850 /* SKKBaseSelector.h in Headers */,
				1344F59C2C5B28FC00D8C850 /* SKKDictionaryFactory.h in Headers */,
				1344F59D2C5B28FC00D8C850 /* SKKRecursiveEditor.h in Headers */,
				1344F59E2C5B28FC00D8C850 /* utf8util.h in Headers */,
				1344F59F2C5B28FC00D8C850 /* SKKGadgetDictionary.h in Headers */,
				1344F5A02C5B28FC00D8C850 /* SKKEntryRemoveEditor.h in Headers */,
				1344F5A12C5B28FC00D8C850 /* SKKAutoUpdateDictionary.h in Headers */,
				1344F5A22C5B28FC00D8C850 /* SKKWidget.h in Headers */,
				1344F5A42C5B28FC00D8C850 /* SKKBackEnd.h in Headers */,
				1344F5A52C5B28FC00D8C850 /* SKKSelector.h in Headers */,
				1344F5A62C5B28FC00D8C850 /* GenericStateMachine.h in Headers */,
				1344F5A72C5B28FC00D8C850 /* skkserv.h in Headers */,
				1344F5A82C5B28FC00D8C850 /* SKKCandidateFilter.h in Headers */,
				1344F5A92C5B28FC00D8C850 /* SKKCompletionHelper.h in Headers */,
				1344F5AA2C5B28FC00D8C850 /* SKKCandidate.h in Headers */,
				1344F5AC2C5B28FC00D8C850 /* SKKInlineSelector.h in Headers */,
				1344F5AD2C5B28FC00D8C850 /* SKKKeymapEntry.h in Headers */,
				1344F5AE2C5B28FC00D8C850 /* SKKKeyState.h in Headers */,
				1344F5AF2C5B28FC00D8C850 /* stringutil.h in Headers */,
				1344F5B02C5B28FC00D8C850 /* SKKInputEnvironment.h in Headers */,
				1344F5B12C5B28FC00D8C850 /* SKKInputMode.h in Headers */,
				1344F5B32C5B28FC00D8C850 /* SKKEvent.h in Headers */,
				1344F5B42C5B28FC00D8C850 /* jconv_body-inl.h in Headers */,
				1344F5B52C5B28FC00D8C850 /* SKKEntry.h in Headers */,
				1344F5B62C5B28FC00D8C850 /* jconv.h in Headers */,
				1344F5B72C5B28FC00D8C850 /* SKKCandidateWindow.h in Headers */,
				1344F5B82C5B28FC00D8C850 /* SKKDictionaryFile.h in Headers */,
				1344F5BA2C5B28FC00D8C850 /* SKKKeymap.h in Headers */,
				1344F5BB2C5B28FC00D8C850 /* SKKInputEngine.h in Headers */,
				1344F5BC2C5B28FC00D8C850 /* SKKDictionaryKey.h in Headers */,
				1344F5BE2C5B28FC00D8C850 /* SKKCompleter.h in Headers */,
				13D7561A2C5A9049006144F2 /* AquaSKKEngine.h in Headers */,
			);
			runOnlyForDeploymentPostprocessing = 0;
		};
/* End PBXHeadersBuildPhase section */

/* Begin PBXNativeTarget section */
		1344F4882C5A92CE00D8C850 /* AquaSKKEngineTests */ = {
			isa = PBXNativeTarget;
			buildConfigurationList = 1344F4902C5A92CE00D8C850 /* Build configuration list for PBXNativeTarget "AquaSKKEngineTests" */;
			buildPhases = (
				1344F4852C5A92CE00D8C850 /* Sources */,
				1344F4862C5A92CE00D8C850 /* Frameworks */,
				1344F4872C5A92CE00D8C850 /* Resources */,
			);
			buildRules = (
			);
			dependencies = (
				1344F48F2C5A92CE00D8C850 /* PBXTargetDependency */,
			);
			name = AquaSKKEngineTests;
			packageProductDependencies = (
			);
			productName = AquaSKKEngineTests;
			productReference = 1344F4892C5A92CE00D8C850 /* AquaSKKEngineTests.xctest */;
			productType = "com.apple.product-type.bundle.unit-test";
		};
		1344F6142C5B2C9500D8C850 /* EngineTests */ = {
			isa = PBXNativeTarget;
			buildConfigurationList = 1344F61C2C5B2C9500D8C850 /* Build configuration list for PBXNativeTarget "EngineTests" */;
			buildPhases = (
				1344F6112C5B2C9500D8C850 /* Sources */,
				1344F6122C5B2C9500D8C850 /* Frameworks */,
				1344F6132C5B2C9500D8C850 /* Resources */,
			);
			buildRules = (
			);
			dependencies = (
				1344F61B2C5B2C9500D8C850 /* PBXTargetDependency */,
			);
			name = EngineTests;
			packageProductDependencies = (
			);
			productName = EngineTests;
			productReference = 1344F6152C5B2C9500D8C850 /* EngineTests.xctest */;
			productType = "com.apple.product-type.bundle.unit-test";
		};
		13D7560A2C5A9043006144F2 /* AquaSKKEngine */ = {
			isa = PBXNativeTarget;
			buildConfigurationList = 13D756152C5A9043006144F2 /* Build configuration list for PBXNativeTarget "AquaSKKEngine" */;
			buildPhases = (
				13D756062C5A9043006144F2 /* Headers */,
				13D756072C5A9043006144F2 /* Sources */,
				13D756082C5A9043006144F2 /* Frameworks */,
				13D756092C5A9043006144F2 /* Resources */,
			);
			buildRules = (
			);
			dependencies = (
			);
			name = AquaSKKEngine;
			packageProductDependencies = (
			);
			productName = AquaSKKEngine;
			productReference = 13D7560B2C5A9043006144F2 /* AquaSKKEngine.framework */;
			productType = "com.apple.product-type.framework";
		};
/* End PBXNativeTarget section */

/* Begin PBXProject section */
		13D368112C5A81290083CAE3 /* Project object */ = {
			isa = PBXProject;
			attributes = {
				BuildIndependentTargetsInParallel = 1;
				LastSwiftUpdateCheck = 1600;
				LastUpgradeCheck = 1600;
				TargetAttributes = {
					1344F4882C5A92CE00D8C850 = {
						CreatedOnToolsVersion = 16.0;
					};
					1344F6142C5B2C9500D8C850 = {
						CreatedOnToolsVersion = 16.0;
					};
					13D7560A2C5A9043006144F2 = {
						CreatedOnToolsVersion = 16.0;
					};
				};
			};
			buildConfigurationList = 13D368142C5A81290083CAE3 /* Build configuration list for PBXProject "AquaSKK" */;
			compatibilityVersion = "Xcode 15.0";
			developmentRegion = en;
			hasScannedForEncodings = 0;
			knownRegions = (
				en,
				Base,
			);
			mainGroup = 13D368102C5A81290083CAE3;
			productRefGroup = 13D7560C2C5A9043006144F2 /* Products */;
			projectDirPath = "";
			projectRoot = "";
			targets = (
				13D7560A2C5A9043006144F2 /* AquaSKKEngine */,
				1344F4882C5A92CE00D8C850 /* AquaSKKEngineTests */,
				1344F6142C5B2C9500D8C850 /* EngineTests */,
			);
		};
/* End PBXProject section */

/* Begin PBXResourcesBuildPhase section */
		1344F4872C5A92CE00D8C850 /* Resources */ = {
			isa = PBXResourcesBuildPhase;
			buildActionMask = 2147483647;
			files = (
			);
			runOnlyForDeploymentPostprocessing = 0;
		};
		1344F6132C5B2C9500D8C850 /* Resources */ = {
			isa = PBXResourcesBuildPhase;
			buildActionMask = 2147483647;
			files = (
				13EDDCD22C5B31E20062A0DA /* dict.file in Resources */,
				13EDDCD32C5B31E20062A0DA /* kana-rule.conf in Resources */,
				13EDDCD42C5B31E20062A0DA /* keymap.conf in Resources */,
				13EDDCD52C5B31E20062A0DA /* keymap_patch.conf in Resources */,
				13EDDCD62C5B31E20062A0DA /* period.rule in Resources */,
				13EDDCD72C5B31E20062A0DA /* SKK-JISYO.S1 in Resources */,
				13EDDCD82C5B31E20062A0DA /* SKK-JISYO.S2 in Resources */,
				13EDDCD92C5B31E20062A0DA /* SKK-JISYO.TEST in Resources */,
				13EDDCDA2C5B31E20062A0DA /* SKK-JISYO.TEST.UTF8 in Resources */,
				13EDDCDB2C5B31E20062A0DA /* test.dat in Resources */,
				13EDDCCF2C5B308C0062A0DA /* skk.jisyo in Resources */,
				13EDDCD02C5B308C0062A0DA /* skk-jisyo.utf8 in Resources */,
			);
			runOnlyForDeploymentPostprocessing = 0;
		};
		13D756092C5A9043006144F2 /* Resources */ = {
			isa = PBXResourcesBuildPhase;
			buildActionMask = 2147483647;
			files = (
			);
			runOnlyForDeploymentPostprocessing = 0;
		};
/* End PBXResourcesBuildPhase section */

/* Begin PBXSourcesBuildPhase section */
		1344F4852C5A92CE00D8C850 /* Sources */ = {
			isa = PBXSourcesBuildPhase;
			buildActionMask = 2147483647;
			files = (
				1344F4952C5A92D300D8C850 /* AquaSKKEngineTests.swift in Sources */,
			);
			runOnlyForDeploymentPostprocessing = 0;
		};
		1344F6112C5B2C9500D8C850 /* Sources */ = {
			isa = PBXSourcesBuildPhase;
			buildActionMask = 2147483647;
			files = (
				13EDDCDF2C5B33600062A0DA /* SKKBackEnd_TEST.mm in Sources */,
				13EDDCE02C5B34BA0062A0DA /* SKKCandidate_TEST.mm in Sources */,
				13EDDCDD2C5B32490062A0DA /* pthreadutil_TEST.mm in Sources */,
				13EDDCDC2C5B323B0062A0DA /* calculator_TEST.mm in Sources */,
				13EDDCCB2C5B2E500062A0DA /* utf8util_TEST.mm in Sources */,
				13EDDCE22C5B351B0062A0DA /* SKKCandidateSuite_TEST.mm in Sources */,
				13EDDCE62C5B38820062A0DA /* SKKDictionaryFile_TEST.mm in Sources */,
				13EDDCCE2C5B2FBF0062A0DA /* SKKTrie_TEST.mm in Sources */,
				13EDDCDE2C5B32A20062A0DA /* SKKAutoUpdateDictionary_TEST.mm in Sources */,
				13EDDCCA2C5B2D520062A0DA /* stringutil_TEST.mm in Sources */,
				13EDDCE42C5B37830062A0DA /* SKKCompleter_TEST.mm in Sources */,
				13EDDCE72C5B38AF0062A0DA /* SKKDictionaryKeeper_TEST.mm in Sources */,
				13EDDCE52C5B37DC0062A0DA /* SKKDictionaryFactory_TEST.mm in Sources */,
				13EDDCE12C5B350D0062A0DA /* SKKCandidateParser_TEST.mm in Sources */,
				13EDDCE32C5B35C90062A0DA /* SKKCommonDictionary_TEST.mm in Sources */,
				13EDDCCC2C5B2ED70062A0DA /* SKKWindowSelector_TEST.mm in Sources */,
				13EDDCCD2C5B2F450062A0DA /* SKKUserDictionary_TEST.mm in Sources */,
				13EDDCE82C5B395B0062A0DA /* SKKInlineSelector_TEST.mm in Sources */,
				13EDDCE92C5B395B0062A0DA /* SKKProxyDictionary_TEST.mm in Sources */,
				13EDDCEA2C5B395B0062A0DA /* SKKNumericConverter_TEST.mm in Sources */,
				13EDDCEB2C5B395B0062A0DA /* SKKDistributedUserDictionary_TEST.mm in Sources */,
				13EDDCEC2C5B395B0062A0DA /* SKKKeymap_TEST.mm in Sources */,
				13EDDCED2C5B395B0062A0DA /* SKKGadgetDictionary_TEST.mm in Sources */,
				13EDDCEE2C5B395B0062A0DA /* SKKDictionaryLoader_TEST.mm in Sources */,
				13EDDCEF2C5B395B0062A0DA /* SKKKeymapEntry_TEST.mm in Sources */,
				13EDDCF02C5B395B0062A0DA /* SKKRomanKanaConverter_TEST.mm in Sources */,
				13EDDCF12C5B395B0062A0DA /* SKKSelector_TEST.mm in Sources */,
				13EDDCF22C5B395B0062A0DA /* SKKInputQueue_TEST.mm in Sources */,
				13EDDCF32C5B395B0062A0DA /* SKKInputSession_TEST.mm in Sources */,
				1344F6212C5B2C9C00D8C850 /* EngineTests.m in Sources */,
			);
			runOnlyForDeploymentPostprocessing = 0;
		};
		13D756072C5A9043006144F2 /* Sources */ = {
			isa = PBXSourcesBuildPhase;
			buildActionMask = 2147483647;
			files = (
				13D756192C5A9049006144F2 /* AquaSKKEngine.docc in Sources */,
				1344F5CB2C5B28FC00D8C850 /* SKKTrie.cpp in Sources */,
				1344F5CF2C5B28FC00D8C850 /* SKKInputEnvironment.cpp in Sources */,
				1344F5D02C5B28FC00D8C850 /* SKKHttpDictionaryLoader.cpp in Sources */,
				1344F5D12C5B28FC00D8C850 /* SKKPrimaryEditor.cpp in Sources */,
				1344F5D22C5B28FC00D8C850 /* SKKRomanKanaConverter.cpp in Sources */,
				1344F5D42C5B28FC00D8C850 /* SKKInputSession.cpp in Sources */,
				1344F5D92C5B28FC00D8C850 /* SKKInputModeSelector.cpp in Sources */,
				1344F5DA2C5B28FC00D8C850 /* SKKWindowSelector.cpp in Sources */,
				1344F5DB2C5B28FC00D8C850 /* SKKEntryRemoveEditor.cpp in Sources */,
				1344F5DC2C5B28FC00D8C850 /* SKKRegisterEditor.cpp in Sources */,
				1344F5DE2C5B28FC00D8C850 /* SKKKeymap.cpp in Sources */,
				1344F5DF2C5B28FC00D8C850 /* SKKDictionaryCache.cpp in Sources */,
				1344F5E22C5B28FC00D8C850 /* SKKRecursiveEditor.cpp in Sources */,
				1344F5E42C5B28FC00D8C850 /* SKKComposingEditor.cpp in Sources */,
				1344F5E72C5B28FC00D8C850 /* SKKDictionaryFactory.cpp in Sources */,
				1344F5EA2C5B28FC00D8C850 /* SKKDistributedUserDictionary.cpp in Sources */,
				1344F5EB2C5B28FC00D8C850 /* SKKKeymapEntry.cpp in Sources */,
				1344F5EC2C5B28FC00D8C850 /* SKKOkuriEditor.cpp in Sources */,
				1344F5ED2C5B28FC00D8C850 /* SKKInputQueue.cpp in Sources */,
				1344F5EE2C5B28FC00D8C850 /* jconv.cpp in Sources */,
				1344F5F42C5B28FC00D8C850 /* SKKCompleter.cpp in Sources */,
				1344F5F72C5B28FC00D8C850 /* SKKGadgetDictionary.cpp in Sources */,
				1344F5F92C5B28FC00D8C850 /* skkserv.cpp in Sources */,
				1344F5FA2C5B28FC00D8C850 /* SKKOutputBuffer.cpp in Sources */,
				1344F5FB2C5B28FC00D8C850 /* SKKBackEnd.cpp in Sources */,
				1344F5FC2C5B28FC00D8C850 /* SKKTextBuffer.cpp in Sources */,
				1344F5FD2C5B28FC00D8C850 /* SKKDictionaryKeeper.cpp in Sources */,
				1344F5FF2C5B28FC00D8C850 /* SKKInputEngine.cpp in Sources */,
				1344F6012C5B28FC00D8C850 /* SKKInlineSelector.cpp in Sources */,
				1344F6022C5B28FC00D8C850 /* SKKSelector.cpp in Sources */,
				1344F6042C5B28FC00D8C850 /* SKKDictionaryFile.cpp in Sources */,
				1344F6052C5B28FC00D8C850 /* SKKNumericConverter.cpp in Sources */,
				1344F6062C5B28FC00D8C850 /* SKKState.cpp in Sources */,
				1344F6072C5B28FC00D8C850 /* SKKLocalUserDictionary.cpp in Sources */,
				1344F6082C5B28FC00D8C850 /* SKKUndoContext.cpp in Sources */,
				1344F60C2C5B28FC00D8C850 /* SKKProxyDictionary.cpp in Sources */,
				1344F60D2C5B28FC00D8C850 /* SKKCandidate.cpp in Sources */,
				1344F60E2C5B28FC00D8C850 /* SKKEntry.cpp in Sources */,
				1344F6102C5B28FC00D8C850 /* SKKCandidateEditor.cpp in Sources */,
			);
			runOnlyForDeploymentPostprocessing = 0;
		};
/* End PBXSourcesBuildPhase section */

/* Begin PBXTargetDependency section */
		1344F48F2C5A92CE00D8C850 /* PBXTargetDependency */ = {
			isa = PBXTargetDependency;
			target = 13D7560A2C5A9043006144F2 /* AquaSKKEngine */;
			targetProxy = 1344F48E2C5A92CE00D8C850 /* PBXContainerItemProxy */;
		};
		1344F61B2C5B2C9500D8C850 /* PBXTargetDependency */ = {
			isa = PBXTargetDependency;
			target = 13D7560A2C5A9043006144F2 /* AquaSKKEngine */;
			targetProxy = 1344F61A2C5B2C9500D8C850 /* PBXContainerItemProxy */;
		};
/* End PBXTargetDependency section */

/* Begin XCBuildConfiguration section */
		1344F4912C5A92CE00D8C850 /* Debug */ = {
			isa = XCBuildConfiguration;
			buildSettings = {
			};
			name = Debug;
		};
		1344F4922C5A92CE00D8C850 /* Release */ = {
			isa = XCBuildConfiguration;
			buildSettings = {
			};
			name = Release;
		};
		1344F61D2C5B2C9500D8C850 /* Debug */ = {
			isa = XCBuildConfiguration;
			buildSettings = {
			};
			name = Debug;
		};
		1344F61E2C5B2C9500D8C850 /* Release */ = {
			isa = XCBuildConfiguration;
			buildSettings = {
			};
			name = Release;
		};
		13D368152C5A81290083CAE3 /* Debug */ = {
			isa = XCBuildConfiguration;
			baseConfigurationReference = 13D7561C2C5A9113006144F2 /* Debug.xcconfig */;
			buildSettings = {
			};
			name = Debug;
		};
		13D368162C5A81290083CAE3 /* Release */ = {
			isa = XCBuildConfiguration;
			baseConfigurationReference = 13D7561B2C5A905E006144F2 /* AquaSKK.xcconfig */;
			buildSettings = {
			};
			name = Release;
		};
		13D756122C5A9043006144F2 /* Debug */ = {
			isa = XCBuildConfiguration;
			buildSettings = {
			};
			name = Debug;
		};
		13D756132C5A9043006144F2 /* Release */ = {
			isa = XCBuildConfiguration;
			buildSettings = {
			};
			name = Release;
		};
/* End XCBuildConfiguration section */

/* Begin XCConfigurationList section */
		1344F4902C5A92CE00D8C850 /* Build configuration list for PBXNativeTarget "AquaSKKEngineTests" */ = {
			isa = XCConfigurationList;
			buildConfigurations = (
				1344F4912C5A92CE00D8C850 /* Debug */,
				1344F4922C5A92CE00D8C850 /* Release */,
			);
			defaultConfigurationIsVisible = 0;
			defaultConfigurationName = Release;
		};
		1344F61C2C5B2C9500D8C850 /* Build configuration list for PBXNativeTarget "EngineTests" */ = {
			isa = XCConfigurationList;
			buildConfigurations = (
				1344F61D2C5B2C9500D8C850 /* Debug */,
				1344F61E2C5B2C9500D8C850 /* Release */,
			);
			defaultConfigurationIsVisible = 0;
			defaultConfigurationName = Release;
		};
		13D368142C5A81290083CAE3 /* Build configuration list for PBXProject "AquaSKK" */ = {
			isa = XCConfigurationList;
			buildConfigurations = (
				13D368152C5A81290083CAE3 /* Debug */,
				13D368162C5A81290083CAE3 /* Release */,
			);
			defaultConfigurationIsVisible = 0;
			defaultConfigurationName = Release;
		};
		13D756152C5A9043006144F2 /* Build configuration list for PBXNativeTarget "AquaSKKEngine" */ = {
			isa = XCConfigurationList;
			buildConfigurations = (
				13D756122C5A9043006144F2 /* Debug */,
				13D756132C5A9043006144F2 /* Release */,
			);
			defaultConfigurationIsVisible = 0;
			defaultConfigurationName = Release;
		};
/* End XCConfigurationList section */
	};
	rootObject = 13D368112C5A81290083CAE3 /* Project object */;
}
